// !$*UTF8*$!
{
	archiveVersion = 1;
	classes = {
	};
	objectVersion = 46;
	objects = {

/* Begin PBXBuildFile section */
		E16E324415A4F17A008C69B6 /* main.cpp in Sources */ = {isa = PBXBuildFile; fileRef = E16E324215A4F17A008C69B6 /* main.cpp */; };
		E186EBB915A50EAB001DC23D /* SenTestingKit.framework in Frameworks */ = {isa = PBXBuildFile; fileRef = E186EBB815A50EAB001DC23D /* SenTestingKit.framework */; };
		E186EBBB15A50EAB001DC23D /* Cocoa.framework in Frameworks */ = {isa = PBXBuildFile; fileRef = E186EBBA15A50EAB001DC23D /* Cocoa.framework */; };
		E186EBC515A50EAB001DC23D /* InfoPlist.strings in Resources */ = {isa = PBXBuildFile; fileRef = E186EBC315A50EAB001DC23D /* InfoPlist.strings */; };
		E186EBC815A50EAB001DC23D /* elly_test.m in Sources */ = {isa = PBXBuildFile; fileRef = E186EBC715A50EAB001DC23D /* elly_test.m */; };
/* End PBXBuildFile section */

/* Begin PBXCopyFilesBuildPhase section */
		E111977F15A4B9EE00562975 /* CopyFiles */ = {
			isa = PBXCopyFilesBuildPhase;
			buildActionMask = 2147483647;
			dstPath = /usr/share/man/man1/;
			dstSubfolderSpec = 0;
			files = (
			);
			runOnlyForDeploymentPostprocessing = 1;
		};
/* End PBXCopyFilesBuildPhase section */

/* Begin PBXFileReference section */
		E111978115A4B9EE00562975 /* elly */ = {isa = PBXFileReference; explicitFileType = "compiled.mach-o.executable"; includeInIndex = 0; path = elly; sourceTree = BUILT_PRODUCTS_DIR; };
		E16E324115A4F17A008C69B6 /* elly.1 */ = {isa = PBXFileReference; fileEncoding = 4; lastKnownFileType = text.man; path = elly.1; sourceTree = "<group>"; };
		E16E324215A4F17A008C69B6 /* main.cpp */ = {isa = PBXFileReference; fileEncoding = 4; lastKnownFileType = sourcecode.cpp.cpp; path = main.cpp; sourceTree = "<group>"; };
		E16E324515A4F1A7008C69B6 /* OptionParser.h */ = {isa = PBXFileReference; lastKnownFileType = sourcecode.c.h; path = OptionParser.h; sourceTree = "<group>"; };
		E16E324615A4F246008C69B6 /* Config.h */ = {isa = PBXFileReference; lastKnownFileType = sourcecode.c.h; path = Config.h; sourceTree = "<group>"; };
		E185EE4A15A51728009C6FBA /* Common.h */ = {isa = PBXFileReference; lastKnownFileType = sourcecode.c.h; path = Common.h; sourceTree = "<group>"; };
		E186EBB615A50EAB001DC23D /* elly_test.octest */ = {isa = PBXFileReference; explicitFileType = wrapper.cfbundle; includeInIndex = 0; path = elly_test.octest; sourceTree = BUILT_PRODUCTS_DIR; };
		E186EBB815A50EAB001DC23D /* SenTestingKit.framework */ = {isa = PBXFileReference; lastKnownFileType = wrapper.framework; name = SenTestingKit.framework; path = Library/Frameworks/SenTestingKit.framework; sourceTree = DEVELOPER_DIR; };
		E186EBBA15A50EAB001DC23D /* Cocoa.framework */ = {isa = PBXFileReference; lastKnownFileType = wrapper.framework; name = Cocoa.framework; path = Library/Frameworks/Cocoa.framework; sourceTree = DEVELOPER_DIR; };
		E186EBBD15A50EAB001DC23D /* AppKit.framework */ = {isa = PBXFileReference; lastKnownFileType = wrapper.framework; name = AppKit.framework; path = Library/Frameworks/AppKit.framework; sourceTree = SDKROOT; };
		E186EBBE15A50EAB001DC23D /* CoreData.framework */ = {isa = PBXFileReference; lastKnownFileType = wrapper.framework; name = CoreData.framework; path = Library/Frameworks/CoreData.framework; sourceTree = SDKROOT; };
		E186EBBF15A50EAB001DC23D /* Foundation.framework */ = {isa = PBXFileReference; lastKnownFileType = wrapper.framework; name = Foundation.framework; path = Library/Frameworks/Foundation.framework; sourceTree = SDKROOT; };
		E186EBC215A50EAB001DC23D /* elly_test-Info.plist */ = {isa = PBXFileReference; lastKnownFileType = text.plist.xml; path = "elly_test-Info.plist"; sourceTree = "<group>"; };
		E186EBC415A50EAB001DC23D /* en */ = {isa = PBXFileReference; lastKnownFileType = text.plist.strings; name = en; path = en.lproj/InfoPlist.strings; sourceTree = "<group>"; };
		E186EBC615A50EAB001DC23D /* elly_test.h */ = {isa = PBXFileReference; lastKnownFileType = sourcecode.c.h; path = elly_test.h; sourceTree = "<group>"; };
		E186EBC715A50EAB001DC23D /* elly_test.m */ = {isa = PBXFileReference; lastKnownFileType = sourcecode.c.objc; path = elly_test.m; sourceTree = "<group>"; };
		E186EBC915A50EAB001DC23D /* elly_test-Prefix.pch */ = {isa = PBXFileReference; lastKnownFileType = sourcecode.c.h; path = "elly_test-Prefix.pch"; sourceTree = "<group>"; };
		E186EBCE15A50F89001DC23D /* config_test.cfg */ = {isa = PBXFileReference; fileEncoding = 4; lastKnownFileType = text; path = config_test.cfg; sourceTree = "<group>"; };
		E186EBCF15A5134F001DC23D /* Log.h */ = {isa = PBXFileReference; lastKnownFileType = sourcecode.c.h; path = Log.h; sourceTree = "<group>"; };
/* End PBXFileReference section */

/* Begin PBXFrameworksBuildPhase section */
		E111977E15A4B9EE00562975 /* Frameworks */ = {
			isa = PBXFrameworksBuildPhase;
			buildActionMask = 2147483647;
			files = (
			);
			runOnlyForDeploymentPostprocessing = 0;
		};
		E186EBB215A50EAB001DC23D /* Frameworks */ = {
			isa = PBXFrameworksBuildPhase;
			buildActionMask = 2147483647;
			files = (
				E186EBB915A50EAB001DC23D /* SenTestingKit.framework in Frameworks */,
				E186EBBB15A50EAB001DC23D /* Cocoa.framework in Frameworks */,
			);
			runOnlyForDeploymentPostprocessing = 0;
		};
/* End PBXFrameworksBuildPhase section */

/* Begin PBXGroup section */
		E111977615A4B9EE00562975 = {
			isa = PBXGroup;
			children = (
				E186EBCD15A50F77001DC23D /* data */,
				E111978415A4B9EE00562975 /* elly */,
				E186EBC015A50EAB001DC23D /* elly_test */,
				E186EBB715A50EAB001DC23D /* Frameworks */,
				E111978215A4B9EE00562975 /* Products */,
			);
			sourceTree = "<group>";
		};
		E111978215A4B9EE00562975 /* Products */ = {
			isa = PBXGroup;
			children = (
				E111978115A4B9EE00562975 /* elly */,
				E186EBB615A50EAB001DC23D /* elly_test.octest */,
			);
			name = Products;
			sourceTree = "<group>";
		};
		E111978415A4B9EE00562975 /* elly */ = {
			isa = PBXGroup;
			children = (
				E16E324115A4F17A008C69B6 /* elly.1 */,
				E16E324215A4F17A008C69B6 /* main.cpp */,
				E16E324315A4F17A008C69B6 /* utils */,
			);
			path = elly;
			sourceTree = "<group>";
		};
		E16E324315A4F17A008C69B6 /* utils */ = {
			isa = PBXGroup;
			children = (
				E16E324515A4F1A7008C69B6 /* OptionParser.h */,
				E16E324615A4F246008C69B6 /* Config.h */,
				E186EBCF15A5134F001DC23D /* Log.h */,
				E185EE4A15A51728009C6FBA /* Common.h */,
			);
			path = utils;
			sourceTree = "<group>";
		};
		E186EBB715A50EAB001DC23D /* Frameworks */ = {
			isa = PBXGroup;
			children = (
				E186EBB815A50EAB001DC23D /* SenTestingKit.framework */,
				E186EBBA15A50EAB001DC23D /* Cocoa.framework */,
				E186EBBC15A50EAB001DC23D /* Other Frameworks */,
			);
			name = Frameworks;
			sourceTree = "<group>";
		};
		E186EBBC15A50EAB001DC23D /* Other Frameworks */ = {
			isa = PBXGroup;
			children = (
				E186EBBD15A50EAB001DC23D /* AppKit.framework */,
				E186EBBE15A50EAB001DC23D /* CoreData.framework */,
				E186EBBF15A50EAB001DC23D /* Foundation.framework */,
			);
			name = "Other Frameworks";
			sourceTree = "<group>";
		};
		E186EBC015A50EAB001DC23D /* elly_test */ = {
			isa = PBXGroup;
			children = (
				E186EBC615A50EAB001DC23D /* elly_test.h */,
				E186EBC715A50EAB001DC23D /* elly_test.m */,
				E186EBC115A50EAB001DC23D /* Supporting Files */,
			);
			path = elly_test;
			sourceTree = "<group>";
		};
		E186EBC115A50EAB001DC23D /* Supporting Files */ = {
			isa = PBXGroup;
			children = (
				E186EBC215A50EAB001DC23D /* elly_test-Info.plist */,
				E186EBC315A50EAB001DC23D /* InfoPlist.strings */,
				E186EBC915A50EAB001DC23D /* elly_test-Prefix.pch */,
			);
			name = "Supporting Files";
			sourceTree = "<group>";
		};
		E186EBCD15A50F77001DC23D /* data */ = {
			isa = PBXGroup;
			children = (
				E186EBCE15A50F89001DC23D /* config_test.cfg */,
			);
			path = data;
			sourceTree = "<group>";
		};
/* End PBXGroup section */

/* Begin PBXNativeTarget section */
		E111978015A4B9EE00562975 /* elly */ = {
			isa = PBXNativeTarget;
			buildConfigurationList = E111978B15A4B9EE00562975 /* Build configuration list for PBXNativeTarget "elly" */;
			buildPhases = (
				E111977D15A4B9EE00562975 /* Sources */,
				E111977E15A4B9EE00562975 /* Frameworks */,
				E111977F15A4B9EE00562975 /* CopyFiles */,
			);
			buildRules = (
			);
			dependencies = (
			);
			name = elly;
			productName = elly;
			productReference = E111978115A4B9EE00562975 /* elly */;
			productType = "com.apple.product-type.tool";
		};
		E186EBB515A50EAB001DC23D /* elly_test */ = {
			isa = PBXNativeTarget;
			buildConfigurationList = E186EBCA15A50EAB001DC23D /* Build configuration list for PBXNativeTarget "elly_test" */;
			buildPhases = (
				E186EBB115A50EAB001DC23D /* Sources */,
				E186EBB215A50EAB001DC23D /* Frameworks */,
				E186EBB315A50EAB001DC23D /* Resources */,
				E186EBB415A50EAB001DC23D /* ShellScript */,
			);
			buildRules = (
			);
			dependencies = (
			);
			name = elly_test;
			productName = elly_test;
			productReference = E186EBB615A50EAB001DC23D /* elly_test.octest */;
			productType = "com.apple.product-type.bundle";
		};
/* End PBXNativeTarget section */

/* Begin PBXProject section */
		E111977815A4B9EE00562975 /* Project object */ = {
			isa = PBXProject;
			attributes = {
				LastUpgradeCheck = 0430;
				ORGANIZATIONNAME = "University of Wisconsin-Madison";
			};
			buildConfigurationList = E111977B15A4B9EE00562975 /* Build configuration list for PBXProject "elly" */;
			compatibilityVersion = "Xcode 3.2";
			developmentRegion = English;
			hasScannedForEncodings = 0;
			knownRegions = (
				en,
			);
			mainGroup = E111977615A4B9EE00562975;
			productRefGroup = E111978215A4B9EE00562975 /* Products */;
			projectDirPath = "";
			projectRoot = "";
			targets = (
				E111978015A4B9EE00562975 /* elly */,
				E186EBB515A50EAB001DC23D /* elly_test */,
			);
		};
/* End PBXProject section */

/* Begin PBXResourcesBuildPhase section */
		E186EBB315A50EAB001DC23D /* Resources */ = {
			isa = PBXResourcesBuildPhase;
			buildActionMask = 2147483647;
			files = (
				E186EBC515A50EAB001DC23D /* InfoPlist.strings in Resources */,
			);
			runOnlyForDeploymentPostprocessing = 0;
		};
/* End PBXResourcesBuildPhase section */

/* Begin PBXShellScriptBuildPhase section */
		E186EBB415A50EAB001DC23D /* ShellScript */ = {
			isa = PBXShellScriptBuildPhase;
			buildActionMask = 2147483647;
			files = (
			);
			inputPaths = (
			);
			outputPaths = (
			);
			runOnlyForDeploymentPostprocessing = 0;
			shellPath = /bin/sh;
			shellScript = "# Run the unit tests in this test bundle.\n\"${SYSTEM_DEVELOPER_DIR}/Tools/RunUnitTests\"\n";
		};
/* End PBXShellScriptBuildPhase section */

/* Begin PBXSourcesBuildPhase section */
		E111977D15A4B9EE00562975 /* Sources */ = {
			isa = PBXSourcesBuildPhase;
			buildActionMask = 2147483647;
			files = (
				E16E324415A4F17A008C69B6 /* main.cpp in Sources */,
			);
			runOnlyForDeploymentPostprocessing = 0;
		};
		E186EBB115A50EAB001DC23D /* Sources */ = {
			isa = PBXSourcesBuildPhase;
			buildActionMask = 2147483647;
			files = (
				E186EBC815A50EAB001DC23D /* elly_test.m in Sources */,
			);
			runOnlyForDeploymentPostprocessing = 0;
		};
/* End PBXSourcesBuildPhase section */

/* Begin PBXVariantGroup section */
		E186EBC315A50EAB001DC23D /* InfoPlist.strings */ = {
			isa = PBXVariantGroup;
			children = (
				E186EBC415A50EAB001DC23D /* en */,
			);
			name = InfoPlist.strings;
			sourceTree = "<group>";
		};
/* End PBXVariantGroup section */

/* Begin XCBuildConfiguration section */
		E111978915A4B9EE00562975 /* Debug */ = {
			isa = XCBuildConfiguration;
			buildSettings = {
				ALWAYS_SEARCH_USER_PATHS = NO;
				ARCHS = "$(ARCHS_STANDARD_64_BIT)";
				CLANG_ENABLE_OBJC_ARC = YES;
				COPY_PHASE_STRIP = NO;
				GCC_C_LANGUAGE_STANDARD = gnu99;
				GCC_DYNAMIC_NO_PIC = NO;
				GCC_ENABLE_OBJC_EXCEPTIONS = YES;
				GCC_OPTIMIZATION_LEVEL = 0;
				GCC_PREPROCESSOR_DEFINITIONS = (
					"DEBUG=1",
					"$(inherited)",
				);
				GCC_SYMBOLS_PRIVATE_EXTERN = NO;
				GCC_VERSION = com.apple.compilers.llvm.clang.1_0;
				GCC_WARN_64_TO_32_BIT_CONVERSION = YES;
				GCC_WARN_ABOUT_RETURN_TYPE = YES;
				GCC_WARN_UNINITIALIZED_AUTOS = YES;
				GCC_WARN_UNUSED_VARIABLE = YES;
				LIBRARY_SEARCH_PATHS = /usr/local/lib;
				MACOSX_DEPLOYMENT_TARGET = 10.7;
				ONLY_ACTIVE_ARCH = YES;
				OTHER_LDFLAGS = "-lboost_program_options-mt";
				SDKROOT = macosx;
			};
			name = Debug;
		};
		E111978A15A4B9EE00562975 /* Release */ = {
			isa = XCBuildConfiguration;
			buildSettings = {
				ALWAYS_SEARCH_USER_PATHS = NO;
				ARCHS = "$(ARCHS_STANDARD_64_BIT)";
				CLANG_ENABLE_OBJC_ARC = YES;
				COPY_PHASE_STRIP = YES;
				DEBUG_INFORMATION_FORMAT = "dwarf-with-dsym";
				GCC_C_LANGUAGE_STANDARD = gnu99;
				GCC_ENABLE_OBJC_EXCEPTIONS = YES;
				GCC_VERSION = com.apple.compilers.llvm.clang.1_0;
				GCC_WARN_64_TO_32_BIT_CONVERSION = YES;
				GCC_WARN_ABOUT_RETURN_TYPE = YES;
				GCC_WARN_UNINITIALIZED_AUTOS = YES;
				GCC_WARN_UNUSED_VARIABLE = YES;
				LIBRARY_SEARCH_PATHS = /usr/local/lib;
				MACOSX_DEPLOYMENT_TARGET = 10.7;
				OTHER_LDFLAGS = "-lboost_program_options-mt";
				SDKROOT = macosx;
			};
			name = Release;
		};
		E111978C15A4B9EE00562975 /* Debug */ = {
			isa = XCBuildConfiguration;
			buildSettings = {
				PRODUCT_NAME = "$(TARGET_NAME)";
			};
			name = Debug;
		};
		E111978D15A4B9EE00562975 /* Release */ = {
			isa = XCBuildConfiguration;
			buildSettings = {
				PRODUCT_NAME = "$(TARGET_NAME)";
			};
			name = Release;
		};
		E186EBCB15A50EAB001DC23D /* Debug */ = {
			isa = XCBuildConfiguration;
			buildSettings = {
				FRAMEWORK_SEARCH_PATHS = "$(DEVELOPER_LIBRARY_DIR)/Frameworks";
				GCC_PRECOMPILE_PREFIX_HEADER = YES;
				GCC_PREFIX_HEADER = "elly_test/elly_test-Prefix.pch";
				INFOPLIST_FILE = "elly_test/elly_test-Info.plist";
				PRODUCT_NAME = "$(TARGET_NAME)";
				WRAPPER_EXTENSION = octest;
			};
			name = Debug;
		};
		E186EBCC15A50EAB001DC23D /* Release */ = {
			isa = XCBuildConfiguration;
			buildSettings = {
				FRAMEWORK_SEARCH_PATHS = "$(DEVELOPER_LIBRARY_DIR)/Frameworks";
				GCC_PRECOMPILE_PREFIX_HEADER = YES;
				GCC_PREFIX_HEADER = "elly_test/elly_test-Prefix.pch";
				INFOPLIST_FILE = "elly_test/elly_test-Info.plist";
				PRODUCT_NAME = "$(TARGET_NAME)";
				WRAPPER_EXTENSION = octest;
			};
			name = Release;
		};
/* End XCBuildConfiguration section */

/* Begin XCConfigurationList section */
		E111977B15A4B9EE00562975 /* Build configuration list for PBXProject "elly" */ = {
			isa = XCConfigurationList;
			buildConfigurations = (
				E111978915A4B9EE00562975 /* Debug */,
				E111978A15A4B9EE00562975 /* Release */,
			);
			defaultConfigurationIsVisible = 0;
			defaultConfigurationName = Release;
		};
		E111978B15A4B9EE00562975 /* Build configuration list for PBXNativeTarget "elly" */ = {
			isa = XCConfigurationList;
			buildConfigurations = (
				E111978C15A4B9EE00562975 /* Debug */,
				E111978D15A4B9EE00562975 /* Release */,
			);
			defaultConfigurationIsVisible = 0;
			defaultConfigurationName = Release;
		};
		E186EBCA15A50EAB001DC23D /* Build configuration list for PBXNativeTarget "elly_test" */ = {
			isa = XCConfigurationList;
			buildConfigurations = (
				E186EBCB15A50EAB001DC23D /* Debug */,
				E186EBCC15A50EAB001DC23D /* Release */,
			);
			defaultConfigurationIsVisible = 0;
			defaultConfigurationName = Release;
		};
/* End XCConfigurationList section */
	};
	rootObject = E111977815A4B9EE00562975 /* Project object */;
}
