// !$*UTF8*$!
{
	archiveVersion = 1;
	classes = {
	};
	objectVersion = 46;
	objects = {

/* Begin PBXBuildFile section */
		E17FF14016017AD600BC7B34 /* Hbase.cpp in Sources */ = {isa = PBXBuildFile; fileRef = E17FF13916017AD600BC7B34 /* Hbase.cpp */; };
		E17FF14116017AD600BC7B34 /* hbase_constants.cpp in Sources */ = {isa = PBXBuildFile; fileRef = E17FF13B16017AD600BC7B34 /* hbase_constants.cpp */; };
		E17FF14216017AD600BC7B34 /* Hbase_server.skeleton.cpp in Sources */ = {isa = PBXBuildFile; fileRef = E17FF13D16017AD600BC7B34 /* Hbase_server.skeleton.cpp */; };
		E17FF14316017AD600BC7B34 /* hbase_types.cpp in Sources */ = {isa = PBXBuildFile; fileRef = E17FF13E16017AD600BC7B34 /* hbase_types.cpp */; };
		E186EBB915A50EAB001DC23D /* SenTestingKit.framework in Frameworks */ = {isa = PBXBuildFile; fileRef = E186EBB815A50EAB001DC23D /* SenTestingKit.framework */; };
		E186EBBB15A50EAB001DC23D /* Cocoa.framework in Frameworks */ = {isa = PBXBuildFile; fileRef = E186EBBA15A50EAB001DC23D /* Cocoa.framework */; };
		E1CD8DDC1601784C006BF294 /* main.cpp in Sources */ = {isa = PBXBuildFile; fileRef = E1CD8DDB1601784C006BF294 /* main.cpp */; };
		E1CD8DDE1601784C006BF294 /* elly.1 in CopyFiles */ = {isa = PBXBuildFile; fileRef = E1CD8DDD1601784C006BF294 /* elly.1 */; };
/* End PBXBuildFile section */

/* Begin PBXCopyFilesBuildPhase section */
		E1CD8DD61601784C006BF294 /* CopyFiles */ = {
			isa = PBXCopyFilesBuildPhase;
			buildActionMask = 2147483647;
			dstPath = /usr/share/man/man1/;
			dstSubfolderSpec = 0;
			files = (
				E1CD8DDE1601784C006BF294 /* elly.1 in CopyFiles */,
			);
			runOnlyForDeploymentPostprocessing = 1;
		};
/* End PBXCopyFilesBuildPhase section */

/* Begin PBXFileReference section */
		E1071CD715A60F6400999BDF /* Doxyfile */ = {isa = PBXFileReference; fileEncoding = 4; lastKnownFileType = text; path = Doxyfile; sourceTree = "<group>"; };
		E1071CD915A60F6C00999BDF /* _common_8h_source.html */ = {isa = PBXFileReference; fileEncoding = 4; lastKnownFileType = text.html; path = _common_8h_source.html; sourceTree = "<group>"; };
		E1071CDA15A60F6C00999BDF /* _config_8h_source.html */ = {isa = PBXFileReference; fileEncoding = 4; lastKnownFileType = text.html; path = _config_8h_source.html; sourceTree = "<group>"; };
		E1071CDB15A60F6C00999BDF /* _inf__marginal_8h_source.html */ = {isa = PBXFileReference; fileEncoding = 4; lastKnownFileType = text.html; path = _inf__marginal_8h_source.html; sourceTree = "<group>"; };
		E1071CDC15A60F6C00999BDF /* _log_8h_source.html */ = {isa = PBXFileReference; fileEncoding = 4; lastKnownFileType = text.html; path = _log_8h_source.html; sourceTree = "<group>"; };
		E1071CDD15A60F6C00999BDF /* _option_parser_8h_source.html */ = {isa = PBXFileReference; fileEncoding = 4; lastKnownFileType = text.html; path = _option_parser_8h_source.html; sourceTree = "<group>"; };
		E1071CDE15A60F6C00999BDF /* annotated.html */ = {isa = PBXFileReference; fileEncoding = 4; lastKnownFileType = text.html; path = annotated.html; sourceTree = "<group>"; };
		E1071CDF15A60F6C00999BDF /* bc_s.png */ = {isa = PBXFileReference; lastKnownFileType = image.png; path = bc_s.png; sourceTree = "<group>"; };
		E1071CE015A60F6C00999BDF /* bdwn.png */ = {isa = PBXFileReference; lastKnownFileType = image.png; path = bdwn.png; sourceTree = "<group>"; };
		E1071CE115A60F6C00999BDF /* classelly_1_1_elly-members.html */ = {isa = PBXFileReference; fileEncoding = 4; lastKnownFileType = text.html; path = "classelly_1_1_elly-members.html"; sourceTree = "<group>"; };
		E1071CE215A60F6C00999BDF /* classelly_1_1_elly.html */ = {isa = PBXFileReference; fileEncoding = 4; lastKnownFileType = text.html; path = classelly_1_1_elly.html; sourceTree = "<group>"; };
		E1071CE315A60F6C00999BDF /* classelly_1_1inf_1_1_inf__marginal-members.html */ = {isa = PBXFileReference; fileEncoding = 4; lastKnownFileType = text.html; path = "classelly_1_1inf_1_1_inf__marginal-members.html"; sourceTree = "<group>"; };
		E1071CE415A60F6C00999BDF /* classelly_1_1inf_1_1_inf__marginal.html */ = {isa = PBXFileReference; fileEncoding = 4; lastKnownFileType = text.html; path = classelly_1_1inf_1_1_inf__marginal.html; sourceTree = "<group>"; };
		E1071CE515A60F6C00999BDF /* classelly_1_1utils_1_1_config-members.html */ = {isa = PBXFileReference; fileEncoding = 4; lastKnownFileType = text.html; path = "classelly_1_1utils_1_1_config-members.html"; sourceTree = "<group>"; };
		E1071CE615A60F6C00999BDF /* classelly_1_1utils_1_1_config.html */ = {isa = PBXFileReference; fileEncoding = 4; lastKnownFileType = text.html; path = classelly_1_1utils_1_1_config.html; sourceTree = "<group>"; };
		E1071CE715A60F6C00999BDF /* classes.html */ = {isa = PBXFileReference; fileEncoding = 4; lastKnownFileType = text.html; path = classes.html; sourceTree = "<group>"; };
		E1071CE815A60F6C00999BDF /* closed.png */ = {isa = PBXFileReference; lastKnownFileType = image.png; path = closed.png; sourceTree = "<group>"; };
		E1071CE915A60F6C00999BDF /* dir_1f47b18e207bb9411d5e496bb6292794.html */ = {isa = PBXFileReference; fileEncoding = 4; lastKnownFileType = text.html; path = dir_1f47b18e207bb9411d5e496bb6292794.html; sourceTree = "<group>"; };
		E1071CEA15A60F6C00999BDF /* dir_62f31edd60f72b0f6ff4918ec3b4d062.html */ = {isa = PBXFileReference; fileEncoding = 4; lastKnownFileType = text.html; path = dir_62f31edd60f72b0f6ff4918ec3b4d062.html; sourceTree = "<group>"; };
		E1071CEB15A60F6C00999BDF /* dir_8afb83cbf93ef87f1a88a0dc314ce25d.html */ = {isa = PBXFileReference; fileEncoding = 4; lastKnownFileType = text.html; path = dir_8afb83cbf93ef87f1a88a0dc314ce25d.html; sourceTree = "<group>"; };
		E1071CEC15A60F6C00999BDF /* dir_b25e65cdd26a3dcab8dc96a586d7f2c4.html */ = {isa = PBXFileReference; fileEncoding = 4; lastKnownFileType = text.html; path = dir_b25e65cdd26a3dcab8dc96a586d7f2c4.html; sourceTree = "<group>"; };
		E1071CED15A60F6C00999BDF /* doxygen.css */ = {isa = PBXFileReference; fileEncoding = 4; lastKnownFileType = text.css; path = doxygen.css; sourceTree = "<group>"; };
		E1071CEE15A60F6C00999BDF /* doxygen.png */ = {isa = PBXFileReference; lastKnownFileType = image.png; path = doxygen.png; sourceTree = "<group>"; };
		E1071CEF15A60F6C00999BDF /* dynsections.js */ = {isa = PBXFileReference; fileEncoding = 4; lastKnownFileType = sourcecode.javascript; path = dynsections.js; sourceTree = "<group>"; };
		E1071CF015A60F6C00999BDF /* elly__test_8h_source.html */ = {isa = PBXFileReference; fileEncoding = 4; lastKnownFileType = text.html; path = elly__test_8h_source.html; sourceTree = "<group>"; };
		E1071CF115A60F6C00999BDF /* files.html */ = {isa = PBXFileReference; fileEncoding = 4; lastKnownFileType = text.html; path = files.html; sourceTree = "<group>"; };
		E1071CF215A60F6C00999BDF /* ftv2blank.png */ = {isa = PBXFileReference; lastKnownFileType = image.png; path = ftv2blank.png; sourceTree = "<group>"; };
		E1071CF315A60F6C00999BDF /* ftv2cl.png */ = {isa = PBXFileReference; lastKnownFileType = image.png; path = ftv2cl.png; sourceTree = "<group>"; };
		E1071CF415A60F6C00999BDF /* ftv2doc.png */ = {isa = PBXFileReference; lastKnownFileType = image.png; path = ftv2doc.png; sourceTree = "<group>"; };
		E1071CF515A60F6C00999BDF /* ftv2folderclosed.png */ = {isa = PBXFileReference; lastKnownFileType = image.png; path = ftv2folderclosed.png; sourceTree = "<group>"; };
		E1071CF615A60F6C00999BDF /* ftv2folderopen.png */ = {isa = PBXFileReference; lastKnownFileType = image.png; path = ftv2folderopen.png; sourceTree = "<group>"; };
		E1071CF715A60F6C00999BDF /* ftv2lastnode.png */ = {isa = PBXFileReference; lastKnownFileType = image.png; path = ftv2lastnode.png; sourceTree = "<group>"; };
		E1071CF815A60F6C00999BDF /* ftv2link.png */ = {isa = PBXFileReference; lastKnownFileType = image.png; path = ftv2link.png; sourceTree = "<group>"; };
		E1071CF915A60F6C00999BDF /* ftv2mlastnode.png */ = {isa = PBXFileReference; lastKnownFileType = image.png; path = ftv2mlastnode.png; sourceTree = "<group>"; };
		E1071CFA15A60F6C00999BDF /* ftv2mnode.png */ = {isa = PBXFileReference; lastKnownFileType = image.png; path = ftv2mnode.png; sourceTree = "<group>"; };
		E1071CFB15A60F6C00999BDF /* ftv2mo.png */ = {isa = PBXFileReference; lastKnownFileType = image.png; path = ftv2mo.png; sourceTree = "<group>"; };
		E1071CFC15A60F6C00999BDF /* ftv2node.png */ = {isa = PBXFileReference; lastKnownFileType = image.png; path = ftv2node.png; sourceTree = "<group>"; };
		E1071CFD15A60F6C00999BDF /* ftv2ns.png */ = {isa = PBXFileReference; lastKnownFileType = image.png; path = ftv2ns.png; sourceTree = "<group>"; };
		E1071CFE15A60F6C00999BDF /* ftv2plastnode.png */ = {isa = PBXFileReference; lastKnownFileType = image.png; path = ftv2plastnode.png; sourceTree = "<group>"; };
		E1071CFF15A60F6C00999BDF /* ftv2pnode.png */ = {isa = PBXFileReference; lastKnownFileType = image.png; path = ftv2pnode.png; sourceTree = "<group>"; };
		E1071D0015A60F6C00999BDF /* ftv2splitbar.png */ = {isa = PBXFileReference; lastKnownFileType = image.png; path = ftv2splitbar.png; sourceTree = "<group>"; };
		E1071D0115A60F6C00999BDF /* ftv2vertline.png */ = {isa = PBXFileReference; lastKnownFileType = image.png; path = ftv2vertline.png; sourceTree = "<group>"; };
		E1071D0215A60F6C00999BDF /* index.html */ = {isa = PBXFileReference; fileEncoding = 4; lastKnownFileType = text.html; path = index.html; sourceTree = "<group>"; };
		E1071D0315A60F6C00999BDF /* interfaceelly__test.html */ = {isa = PBXFileReference; fileEncoding = 4; lastKnownFileType = text.html; path = interfaceelly__test.html; sourceTree = "<group>"; };
		E1071D0415A60F6C00999BDF /* jquery.js */ = {isa = PBXFileReference; fileEncoding = 4; lastKnownFileType = sourcecode.javascript; path = jquery.js; sourceTree = "<group>"; };
		E1071D0515A60F6C00999BDF /* namespaceelly_1_1utils.html */ = {isa = PBXFileReference; fileEncoding = 4; lastKnownFileType = text.html; path = namespaceelly_1_1utils.html; sourceTree = "<group>"; };
		E1071D0615A60F6C00999BDF /* namespacemembers.html */ = {isa = PBXFileReference; fileEncoding = 4; lastKnownFileType = text.html; path = namespacemembers.html; sourceTree = "<group>"; };
		E1071D0715A60F6C00999BDF /* namespacemembers_func.html */ = {isa = PBXFileReference; fileEncoding = 4; lastKnownFileType = text.html; path = namespacemembers_func.html; sourceTree = "<group>"; };
		E1071D0815A60F6C00999BDF /* namespaces.html */ = {isa = PBXFileReference; fileEncoding = 4; lastKnownFileType = text.html; path = namespaces.html; sourceTree = "<group>"; };
		E1071D0915A60F6C00999BDF /* nav_f.png */ = {isa = PBXFileReference; lastKnownFileType = image.png; path = nav_f.png; sourceTree = "<group>"; };
		E1071D0A15A60F6C00999BDF /* nav_g.png */ = {isa = PBXFileReference; lastKnownFileType = image.png; path = nav_g.png; sourceTree = "<group>"; };
		E1071D0B15A60F6C00999BDF /* nav_h.png */ = {isa = PBXFileReference; lastKnownFileType = image.png; path = nav_h.png; sourceTree = "<group>"; };
		E1071D0C15A60F6C00999BDF /* open.png */ = {isa = PBXFileReference; lastKnownFileType = image.png; path = open.png; sourceTree = "<group>"; };
		E1071D0E15A60F6C00999BDF /* all_63.html */ = {isa = PBXFileReference; fileEncoding = 4; lastKnownFileType = text.html; path = all_63.html; sourceTree = "<group>"; };
		E1071D0F15A60F6C00999BDF /* all_63.js */ = {isa = PBXFileReference; fileEncoding = 4; lastKnownFileType = sourcecode.javascript; path = all_63.js; sourceTree = "<group>"; };
		E1071D1015A60F6C00999BDF /* all_65.html */ = {isa = PBXFileReference; fileEncoding = 4; lastKnownFileType = text.html; path = all_65.html; sourceTree = "<group>"; };
		E1071D1115A60F6C00999BDF /* all_65.js */ = {isa = PBXFileReference; fileEncoding = 4; lastKnownFileType = sourcecode.javascript; path = all_65.js; sourceTree = "<group>"; };
		E1071D1215A60F6C00999BDF /* all_69.html */ = {isa = PBXFileReference; fileEncoding = 4; lastKnownFileType = text.html; path = all_69.html; sourceTree = "<group>"; };
		E1071D1315A60F6C00999BDF /* all_69.js */ = {isa = PBXFileReference; fileEncoding = 4; lastKnownFileType = sourcecode.javascript; path = all_69.js; sourceTree = "<group>"; };
		E1071D1415A60F6C00999BDF /* all_70.html */ = {isa = PBXFileReference; fileEncoding = 4; lastKnownFileType = text.html; path = all_70.html; sourceTree = "<group>"; };
		E1071D1515A60F6C00999BDF /* all_70.js */ = {isa = PBXFileReference; fileEncoding = 4; lastKnownFileType = sourcecode.javascript; path = all_70.js; sourceTree = "<group>"; };
		E1071D1615A60F6C00999BDF /* classes_63.html */ = {isa = PBXFileReference; fileEncoding = 4; lastKnownFileType = text.html; path = classes_63.html; sourceTree = "<group>"; };
		E1071D1715A60F6C00999BDF /* classes_63.js */ = {isa = PBXFileReference; fileEncoding = 4; lastKnownFileType = sourcecode.javascript; path = classes_63.js; sourceTree = "<group>"; };
		E1071D1815A60F6C00999BDF /* classes_65.html */ = {isa = PBXFileReference; fileEncoding = 4; lastKnownFileType = text.html; path = classes_65.html; sourceTree = "<group>"; };
		E1071D1915A60F6C00999BDF /* classes_65.js */ = {isa = PBXFileReference; fileEncoding = 4; lastKnownFileType = sourcecode.javascript; path = classes_65.js; sourceTree = "<group>"; };
		E1071D1A15A60F6C00999BDF /* classes_69.html */ = {isa = PBXFileReference; fileEncoding = 4; lastKnownFileType = text.html; path = classes_69.html; sourceTree = "<group>"; };
		E1071D1B15A60F6C00999BDF /* classes_69.js */ = {isa = PBXFileReference; fileEncoding = 4; lastKnownFileType = sourcecode.javascript; path = classes_69.js; sourceTree = "<group>"; };
		E1071D1C15A60F6C00999BDF /* close.png */ = {isa = PBXFileReference; lastKnownFileType = image.png; path = close.png; sourceTree = "<group>"; };
		E1071D1D15A60F6C00999BDF /* functions_70.html */ = {isa = PBXFileReference; fileEncoding = 4; lastKnownFileType = text.html; path = functions_70.html; sourceTree = "<group>"; };
		E1071D1E15A60F6C00999BDF /* functions_70.js */ = {isa = PBXFileReference; fileEncoding = 4; lastKnownFileType = sourcecode.javascript; path = functions_70.js; sourceTree = "<group>"; };
		E1071D1F15A60F6C00999BDF /* mag_sel.png */ = {isa = PBXFileReference; lastKnownFileType = image.png; path = mag_sel.png; sourceTree = "<group>"; };
		E1071D2015A60F6C00999BDF /* namespaces_65.html */ = {isa = PBXFileReference; fileEncoding = 4; lastKnownFileType = text.html; path = namespaces_65.html; sourceTree = "<group>"; };
		E1071D2115A60F6C00999BDF /* namespaces_65.js */ = {isa = PBXFileReference; fileEncoding = 4; lastKnownFileType = sourcecode.javascript; path = namespaces_65.js; sourceTree = "<group>"; };
		E1071D2215A60F6C00999BDF /* nomatches.html */ = {isa = PBXFileReference; fileEncoding = 4; lastKnownFileType = text.html; path = nomatches.html; sourceTree = "<group>"; };
		E1071D2315A60F6C00999BDF /* search.css */ = {isa = PBXFileReference; fileEncoding = 4; lastKnownFileType = text.css; path = search.css; sourceTree = "<group>"; };
		E1071D2415A60F6C00999BDF /* search.js */ = {isa = PBXFileReference; fileEncoding = 4; lastKnownFileType = sourcecode.javascript; path = search.js; sourceTree = "<group>"; };
		E1071D2515A60F6C00999BDF /* search_l.png */ = {isa = PBXFileReference; lastKnownFileType = image.png; path = search_l.png; sourceTree = "<group>"; };
		E1071D2615A60F6C00999BDF /* search_m.png */ = {isa = PBXFileReference; lastKnownFileType = image.png; path = search_m.png; sourceTree = "<group>"; };
		E1071D2715A60F6C00999BDF /* search_r.png */ = {isa = PBXFileReference; lastKnownFileType = image.png; path = search_r.png; sourceTree = "<group>"; };
		E1071D2815A60F6C00999BDF /* tab_a.png */ = {isa = PBXFileReference; lastKnownFileType = image.png; path = tab_a.png; sourceTree = "<group>"; };
		E1071D2915A60F6C00999BDF /* tab_b.png */ = {isa = PBXFileReference; lastKnownFileType = image.png; path = tab_b.png; sourceTree = "<group>"; };
		E1071D2A15A60F6C00999BDF /* tab_h.png */ = {isa = PBXFileReference; lastKnownFileType = image.png; path = tab_h.png; sourceTree = "<group>"; };
		E1071D2B15A60F6C00999BDF /* tab_s.png */ = {isa = PBXFileReference; lastKnownFileType = image.png; path = tab_s.png; sourceTree = "<group>"; };
		E1071D2C15A60F6C00999BDF /* tabs.css */ = {isa = PBXFileReference; fileEncoding = 4; lastKnownFileType = text.css; path = tabs.css; sourceTree = "<group>"; };
		E13D71971601748E00C56201 /* ObjectStore_HBASE.h */ = {isa = PBXFileReference; lastKnownFileType = sourcecode.c.h; path = ObjectStore_HBASE.h; sourceTree = "<group>"; };
		E1427EF515FE84EB00F75C1E /* Common.h */ = {isa = PBXFileReference; fileEncoding = 4; lastKnownFileType = sourcecode.c.h; path = Common.h; sourceTree = "<group>"; };
		E1427EF615FE84EB00F75C1E /* Timer.h */ = {isa = PBXFileReference; fileEncoding = 4; lastKnownFileType = sourcecode.c.h; path = Timer.h; sourceTree = "<group>"; };
		E1427EF815FE84EB00F75C1E /* .classpath */ = {isa = PBXFileReference; fileEncoding = 4; lastKnownFileType = text.xml; path = .classpath; sourceTree = "<group>"; };
		E1427EF915FE84EB00F75C1E /* .project */ = {isa = PBXFileReference; fileEncoding = 4; lastKnownFileType = text.xml; path = .project; sourceTree = "<group>"; };
		E1427EFB15FE84EB00F75C1E /* AccumuloConnector.class */ = {isa = PBXFileReference; lastKnownFileType = compiled.javaclass; path = AccumuloConnector.class; sourceTree = "<group>"; };
		E1427EFC15FE84EB00F75C1E /* HashMapConnector.class */ = {isa = PBXFileReference; lastKnownFileType = compiled.javaclass; path = HashMapConnector.class; sourceTree = "<group>"; };
		E1427EFD15FE84EB00F75C1E /* PostgreSQLConnector.class */ = {isa = PBXFileReference; lastKnownFileType = compiled.javaclass; path = PostgreSQLConnector.class; sourceTree = "<group>"; };
		E1427EFF15FE84EB00F75C1E /* accumulo-core-1.4.1-javadoc.jar */ = {isa = PBXFileReference; lastKnownFileType = archive.jar; path = "accumulo-core-1.4.1-javadoc.jar"; sourceTree = "<group>"; };
		E1427F0015FE84EB00F75C1E /* accumulo-core-1.4.1-sources.jar */ = {isa = PBXFileReference; lastKnownFileType = archive.jar; path = "accumulo-core-1.4.1-sources.jar"; sourceTree = "<group>"; };
		E1427F0115FE84EB00F75C1E /* accumulo-core-1.4.1.jar */ = {isa = PBXFileReference; lastKnownFileType = archive.jar; path = "accumulo-core-1.4.1.jar"; sourceTree = "<group>"; };
		E1427F0215FE84EB00F75C1E /* accumulo-server-1.4.1-javadoc.jar */ = {isa = PBXFileReference; lastKnownFileType = archive.jar; path = "accumulo-server-1.4.1-javadoc.jar"; sourceTree = "<group>"; };
		E1427F0315FE84EB00F75C1E /* accumulo-server-1.4.1-sources.jar */ = {isa = PBXFileReference; lastKnownFileType = archive.jar; path = "accumulo-server-1.4.1-sources.jar"; sourceTree = "<group>"; };
		E1427F0415FE84EB00F75C1E /* accumulo-server-1.4.1.jar */ = {isa = PBXFileReference; lastKnownFileType = archive.jar; path = "accumulo-server-1.4.1.jar"; sourceTree = "<group>"; };
		E1427F0515FE84EB00F75C1E /* accumulo-start-1.4.1-javadoc.jar */ = {isa = PBXFileReference; lastKnownFileType = archive.jar; path = "accumulo-start-1.4.1-javadoc.jar"; sourceTree = "<group>"; };
		E1427F0615FE84EB00F75C1E /* accumulo-start-1.4.1-sources.jar */ = {isa = PBXFileReference; lastKnownFileType = archive.jar; path = "accumulo-start-1.4.1-sources.jar"; sourceTree = "<group>"; };
		E1427F0715FE84EB00F75C1E /* accumulo-start-1.4.1.jar */ = {isa = PBXFileReference; lastKnownFileType = archive.jar; path = "accumulo-start-1.4.1.jar"; sourceTree = "<group>"; };
		E1427F0815FE84EB00F75C1E /* cloudtrace-1.4.1-javadoc.jar */ = {isa = PBXFileReference; lastKnownFileType = archive.jar; path = "cloudtrace-1.4.1-javadoc.jar"; sourceTree = "<group>"; };
		E1427F0915FE84EB00F75C1E /* cloudtrace-1.4.1-sources.jar */ = {isa = PBXFileReference; lastKnownFileType = archive.jar; path = "cloudtrace-1.4.1-sources.jar"; sourceTree = "<group>"; };
		E1427F0A15FE84EB00F75C1E /* cloudtrace-1.4.1.jar */ = {isa = PBXFileReference; lastKnownFileType = archive.jar; path = "cloudtrace-1.4.1.jar"; sourceTree = "<group>"; };
		E1427F0B15FE84EB00F75C1E /* commons-collections-3.2.jar */ = {isa = PBXFileReference; lastKnownFileType = archive.jar; path = "commons-collections-3.2.jar"; sourceTree = "<group>"; };
		E1427F0C15FE84EB00F75C1E /* commons-configuration-1.5.jar */ = {isa = PBXFileReference; lastKnownFileType = archive.jar; path = "commons-configuration-1.5.jar"; sourceTree = "<group>"; };
		E1427F0D15FE84EB00F75C1E /* commons-io-1.4.jar */ = {isa = PBXFileReference; lastKnownFileType = archive.jar; path = "commons-io-1.4.jar"; sourceTree = "<group>"; };
		E1427F0E15FE84EB00F75C1E /* commons-jci-core-1.0.jar */ = {isa = PBXFileReference; lastKnownFileType = archive.jar; path = "commons-jci-core-1.0.jar"; sourceTree = "<group>"; };
		E1427F0F15FE84EB00F75C1E /* commons-jci-fam-1.0.jar */ = {isa = PBXFileReference; lastKnownFileType = archive.jar; path = "commons-jci-fam-1.0.jar"; sourceTree = "<group>"; };
		E1427F1015FE84EB00F75C1E /* commons-lang-2.4.jar */ = {isa = PBXFileReference; lastKnownFileType = archive.jar; path = "commons-lang-2.4.jar"; sourceTree = "<group>"; };
		E1427F1115FE84EB00F75C1E /* commons-logging-1.0.4.jar */ = {isa = PBXFileReference; lastKnownFileType = archive.jar; path = "commons-logging-1.0.4.jar"; sourceTree = "<group>"; };
		E1427F1215FE84EB00F75C1E /* commons-logging-api-1.0.4.jar */ = {isa = PBXFileReference; lastKnownFileType = archive.jar; path = "commons-logging-api-1.0.4.jar"; sourceTree = "<group>"; };
		E1427F1315FE84EB00F75C1E /* examples-simple-1.4.1-javadoc.jar */ = {isa = PBXFileReference; lastKnownFileType = archive.jar; path = "examples-simple-1.4.1-javadoc.jar"; sourceTree = "<group>"; };
		E1427F1415FE84EB00F75C1E /* examples-simple-1.4.1-sources.jar */ = {isa = PBXFileReference; lastKnownFileType = archive.jar; path = "examples-simple-1.4.1-sources.jar"; sourceTree = "<group>"; };
		E1427F1515FE84EB00F75C1E /* examples-simple-1.4.1.jar */ = {isa = PBXFileReference; lastKnownFileType = archive.jar; path = "examples-simple-1.4.1.jar"; sourceTree = "<group>"; };
		E1427F1615FE84EB00F75C1E /* hadoop-ant-1.0.3.jar */ = {isa = PBXFileReference; lastKnownFileType = archive.jar; path = "hadoop-ant-1.0.3.jar"; sourceTree = "<group>"; };
		E1427F1715FE84EB00F75C1E /* hadoop-client-1.0.3.jar */ = {isa = PBXFileReference; lastKnownFileType = archive.jar; path = "hadoop-client-1.0.3.jar"; sourceTree = "<group>"; };
		E1427F1815FE84EB00F75C1E /* hadoop-core-1.0.3.jar */ = {isa = PBXFileReference; lastKnownFileType = archive.jar; path = "hadoop-core-1.0.3.jar"; sourceTree = "<group>"; };
		E1427F1915FE84EB00F75C1E /* hadoop-examples-1.0.3.jar */ = {isa = PBXFileReference; lastKnownFileType = archive.jar; path = "hadoop-examples-1.0.3.jar"; sourceTree = "<group>"; };
		E1427F1A15FE84EB00F75C1E /* hadoop-minicluster-1.0.3.jar */ = {isa = PBXFileReference; lastKnownFileType = archive.jar; path = "hadoop-minicluster-1.0.3.jar"; sourceTree = "<group>"; };
		E1427F1B15FE84EB00F75C1E /* hadoop-test-1.0.3.jar */ = {isa = PBXFileReference; lastKnownFileType = archive.jar; path = "hadoop-test-1.0.3.jar"; sourceTree = "<group>"; };
		E1427F1C15FE84EB00F75C1E /* hadoop-tools-1.0.3.jar */ = {isa = PBXFileReference; lastKnownFileType = archive.jar; path = "hadoop-tools-1.0.3.jar"; sourceTree = "<group>"; };
		E1427F1D15FE84EB00F75C1E /* jline-0.9.94.jar */ = {isa = PBXFileReference; lastKnownFileType = archive.jar; path = "jline-0.9.94.jar"; sourceTree = "<group>"; };
		E1427F1E15FE84EB00F75C1E /* libthrift-0.6.1.jar */ = {isa = PBXFileReference; lastKnownFileType = archive.jar; path = "libthrift-0.6.1.jar"; sourceTree = "<group>"; };
		E1427F1F15FE84EB00F75C1E /* log4j-1.2.16.jar */ = {isa = PBXFileReference; lastKnownFileType = archive.jar; path = "log4j-1.2.16.jar"; sourceTree = "<group>"; };
		E1427F2015FE84EB00F75C1E /* postgresql-8.4-701.jdbc4.jar */ = {isa = PBXFileReference; lastKnownFileType = archive.jar; path = "postgresql-8.4-701.jdbc4.jar"; sourceTree = "<group>"; };
		E1427F2115FE84EB00F75C1E /* slf4j-api-1.6.1.jar */ = {isa = PBXFileReference; lastKnownFileType = archive.jar; path = "slf4j-api-1.6.1.jar"; sourceTree = "<group>"; };
		E1427F2215FE84EB00F75C1E /* slf4j-log4j12-1.6.1.jar */ = {isa = PBXFileReference; lastKnownFileType = archive.jar; path = "slf4j-log4j12-1.6.1.jar"; sourceTree = "<group>"; };
		E1427F2315FE84EB00F75C1E /* wikisearch-ingest-1.4.1-javadoc.jar */ = {isa = PBXFileReference; lastKnownFileType = archive.jar; path = "wikisearch-ingest-1.4.1-javadoc.jar"; sourceTree = "<group>"; };
		E1427F2415FE84EB00F75C1E /* wikisearch-query-1.4.1-javadoc.jar */ = {isa = PBXFileReference; lastKnownFileType = archive.jar; path = "wikisearch-query-1.4.1-javadoc.jar"; sourceTree = "<group>"; };
		E1427F2515FE84EB00F75C1E /* zookeeper-3.4.3.jar */ = {isa = PBXFileReference; lastKnownFileType = archive.jar; path = "zookeeper-3.4.3.jar"; sourceTree = "<group>"; };
		E1427F2715FE84EB00F75C1E /* AccumuloConnector.java */ = {isa = PBXFileReference; fileEncoding = 4; lastKnownFileType = sourcecode.java; path = AccumuloConnector.java; sourceTree = "<group>"; };
		E1427F2815FE84EB00F75C1E /* HashMapConnector.java */ = {isa = PBXFileReference; fileEncoding = 4; lastKnownFileType = sourcecode.java; path = HashMapConnector.java; sourceTree = "<group>"; };
		E1427F2915FE84EB00F75C1E /* PostgreSQLConnector.java */ = {isa = PBXFileReference; fileEncoding = 4; lastKnownFileType = sourcecode.java; path = PostgreSQLConnector.java; sourceTree = "<group>"; };
		E1427F2C15FE84EB00F75C1E /* BufferedObjStore.h */ = {isa = PBXFileReference; fileEncoding = 4; lastKnownFileType = sourcecode.c.h; path = BufferedObjStore.h; sourceTree = "<group>"; };
		E1427F2D15FE84EB00F75C1E /* BufferedObjStore_perbuffer.h */ = {isa = PBXFileReference; fileEncoding = 4; lastKnownFileType = sourcecode.c.h; path = BufferedObjStore_perbuffer.h; sourceTree = "<group>"; };
		E1427F2E15FE84EB00F75C1E /* ObjectStore_FILE.h */ = {isa = PBXFileReference; fileEncoding = 4; lastKnownFileType = sourcecode.c.h; path = ObjectStore_FILE.h; sourceTree = "<group>"; };
		E1427F2F15FE84EB00F75C1E /* ObjectStore_JHASH.h */ = {isa = PBXFileReference; fileEncoding = 4; lastKnownFileType = sourcecode.c.h; path = ObjectStore_JHASH.h; sourceTree = "<group>"; };
		E1427F3015FE84EB00F75C1E /* ObjectStore_MM.h */ = {isa = PBXFileReference; fileEncoding = 4; lastKnownFileType = sourcecode.c.h; path = ObjectStore_MM.h; sourceTree = "<group>"; };
		E1427F3115FE84EB00F75C1E /* ObjStore.h */ = {isa = PBXFileReference; fileEncoding = 4; lastKnownFileType = sourcecode.c.h; path = ObjStore.h; sourceTree = "<group>"; };
		E1427F3215FE84EB00F75C1E /* SMan.1 */ = {isa = PBXFileReference; fileEncoding = 4; lastKnownFileType = text.man; path = SMan.1; sourceTree = "<group>"; };
		E1427F3415FE84EB00F75C1E /* test_parallel.h */ = {isa = PBXFileReference; fileEncoding = 4; lastKnownFileType = sourcecode.c.h; path = test_parallel.h; sourceTree = "<group>"; };
		E1427F6115FE894A00F75C1E /* Include.h */ = {isa = PBXFileReference; lastKnownFileType = sourcecode.c.h; path = Include.h; sourceTree = "<group>"; };
		E14AC45C1604ECF600125181 /* Materialization_fcoc.h */ = {isa = PBXFileReference; lastKnownFileType = sourcecode.c.h; path = Materialization_fcoc.h; sourceTree = "<group>"; };
		E14CAAF415C1898100288FFB /* factor_inits.h */ = {isa = PBXFileReference; lastKnownFileType = sourcecode.c.h; path = factor_inits.h; sourceTree = "<group>"; };
		E14CAB0115C1A82B00288FFB /* VariableFactorRelation.h */ = {isa = PBXFileReference; lastKnownFileType = sourcecode.c.h; path = VariableFactorRelation.h; sourceTree = "<group>"; };
		E16E324115A4F17A008C69B6 /* elly.1 */ = {isa = PBXFileReference; fileEncoding = 4; lastKnownFileType = text.man; path = elly.1; sourceTree = "<group>"; };
		E16E324215A4F17A008C69B6 /* main.cpp */ = {isa = PBXFileReference; fileEncoding = 4; lastKnownFileType = sourcecode.cpp.cpp; path = main.cpp; sourceTree = "<group>"; };
		E16E324515A4F1A7008C69B6 /* OptionParser.h */ = {isa = PBXFileReference; lastKnownFileType = sourcecode.c.h; path = OptionParser.h; sourceTree = "<group>"; };
		E16E324615A4F246008C69B6 /* Config.h */ = {isa = PBXFileReference; lastKnownFileType = sourcecode.c.h; path = Config.h; sourceTree = "<group>"; };
		E1743CAC16059C1900AA0762 /* Materialization.h */ = {isa = PBXFileReference; lastKnownFileType = sourcecode.c.h; path = Materialization.h; sourceTree = "<group>"; };
		E1743CAD1605A8D000AA0762 /* Materialization_vcoc.h */ = {isa = PBXFileReference; lastKnownFileType = sourcecode.c.h; path = Materialization_vcoc.h; sourceTree = "<group>"; };
		E1743CAE1605B1E100AA0762 /* Materialization_full.h */ = {isa = PBXFileReference; lastKnownFileType = sourcecode.c.h; path = Materialization_full.h; sourceTree = "<group>"; };
		E1743CB616061B6A00AA0762 /* ExpSetting.h */ = {isa = PBXFileReference; lastKnownFileType = sourcecode.c.h; path = ExpSetting.h; sourceTree = "<group>"; };
		E17E98DF15C3D5D70048AAB2 /* VariableAssignmentRelation.h */ = {isa = PBXFileReference; lastKnownFileType = sourcecode.c.h; path = VariableAssignmentRelation.h; sourceTree = "<group>"; };
		E17E98E215C3DC240048AAB2 /* Materialization_lazy.h */ = {isa = PBXFileReference; lastKnownFileType = sourcecode.c.h; path = Materialization_lazy.h; sourceTree = "<group>"; };
		E17E98E415C3EDCB0048AAB2 /* GibbsSampler.h */ = {isa = PBXFileReference; lastKnownFileType = sourcecode.c.h; path = GibbsSampler.h; sourceTree = "<group>"; };
		E17FF13916017AD600BC7B34 /* Hbase.cpp */ = {isa = PBXFileReference; fileEncoding = 4; lastKnownFileType = sourcecode.cpp.cpp; path = Hbase.cpp; sourceTree = "<group>"; };
		E17FF13A16017AD600BC7B34 /* Hbase.h */ = {isa = PBXFileReference; fileEncoding = 4; lastKnownFileType = sourcecode.c.h; path = Hbase.h; sourceTree = "<group>"; };
		E17FF13B16017AD600BC7B34 /* hbase_constants.cpp */ = {isa = PBXFileReference; fileEncoding = 4; lastKnownFileType = sourcecode.cpp.cpp; path = hbase_constants.cpp; sourceTree = "<group>"; };
		E17FF13C16017AD600BC7B34 /* hbase_constants.h */ = {isa = PBXFileReference; fileEncoding = 4; lastKnownFileType = sourcecode.c.h; path = hbase_constants.h; sourceTree = "<group>"; };
		E17FF13D16017AD600BC7B34 /* Hbase_server.skeleton.cpp */ = {isa = PBXFileReference; fileEncoding = 4; lastKnownFileType = sourcecode.cpp.cpp; path = Hbase_server.skeleton.cpp; sourceTree = "<group>"; };
		E17FF13E16017AD600BC7B34 /* hbase_types.cpp */ = {isa = PBXFileReference; fileEncoding = 4; lastKnownFileType = sourcecode.cpp.cpp; path = hbase_types.cpp; sourceTree = "<group>"; };
		E17FF13F16017AD600BC7B34 /* hbase_types.h */ = {isa = PBXFileReference; fileEncoding = 4; lastKnownFileType = sourcecode.c.h; path = hbase_types.h; sourceTree = "<group>"; };
		E185EE4A15A51728009C6FBA /* Common.h */ = {isa = PBXFileReference; lastKnownFileType = sourcecode.c.h; path = Common.h; sourceTree = "<group>"; };
		E1866D5A15AC1FCE003AB862 /* StandardCorrelationRelation.h */ = {isa = PBXFileReference; lastKnownFileType = sourcecode.c.h; path = StandardCorrelationRelation.h; sourceTree = "<group>"; };
		E186EBB615A50EAB001DC23D /* elly_test.octest */ = {isa = PBXFileReference; explicitFileType = wrapper.cfbundle; includeInIndex = 0; path = elly_test.octest; sourceTree = BUILT_PRODUCTS_DIR; };
		E186EBB815A50EAB001DC23D /* SenTestingKit.framework */ = {isa = PBXFileReference; lastKnownFileType = wrapper.framework; name = SenTestingKit.framework; path = Library/Frameworks/SenTestingKit.framework; sourceTree = DEVELOPER_DIR; };
		E186EBBA15A50EAB001DC23D /* Cocoa.framework */ = {isa = PBXFileReference; lastKnownFileType = wrapper.framework; name = Cocoa.framework; path = Library/Frameworks/Cocoa.framework; sourceTree = DEVELOPER_DIR; };
		E186EBBD15A50EAB001DC23D /* AppKit.framework */ = {isa = PBXFileReference; lastKnownFileType = wrapper.framework; name = AppKit.framework; path = Library/Frameworks/AppKit.framework; sourceTree = SDKROOT; };
		E186EBBE15A50EAB001DC23D /* CoreData.framework */ = {isa = PBXFileReference; lastKnownFileType = wrapper.framework; name = CoreData.framework; path = Library/Frameworks/CoreData.framework; sourceTree = SDKROOT; };
		E186EBBF15A50EAB001DC23D /* Foundation.framework */ = {isa = PBXFileReference; lastKnownFileType = wrapper.framework; name = Foundation.framework; path = Library/Frameworks/Foundation.framework; sourceTree = SDKROOT; };
		E186EBCE15A50F89001DC23D /* config_test.cfg */ = {isa = PBXFileReference; fileEncoding = 4; lastKnownFileType = text; path = config_test.cfg; sourceTree = "<group>"; };
		E186EBCF15A5134F001DC23D /* Log.h */ = {isa = PBXFileReference; lastKnownFileType = sourcecode.c.h; path = Log.h; sourceTree = "<group>"; };
		E18799A215A93AAB0026F196 /* FactorFileParser.h */ = {isa = PBXFileReference; lastKnownFileType = sourcecode.c.h; path = FactorFileParser.h; sourceTree = "<group>"; };
		E18EFFE815D040BB00E2B480 /* AbstractCorrelationRelation.h */ = {isa = PBXFileReference; lastKnownFileType = sourcecode.c.h; path = AbstractCorrelationRelation.h; sourceTree = "<group>"; };
		E19062661603D26D0093066A /* PagedBufferedObjectStore.h */ = {isa = PBXFileReference; lastKnownFileType = sourcecode.c.h; path = PagedBufferedObjectStore.h; sourceTree = "<group>"; };
		E1A118F115D16CE900879AB1 /* VariableTallyRelation.h */ = {isa = PBXFileReference; lastKnownFileType = sourcecode.c.h; path = VariableTallyRelation.h; sourceTree = "<group>"; };
		E1A118F315D2AB8500879AB1 /* VariableTrainingRelation.h */ = {isa = PBXFileReference; lastKnownFileType = sourcecode.c.h; path = VariableTrainingRelation.h; sourceTree = "<group>"; };
		E1CBA0FE15D0533300A81577 /* IncrementalCorrelationRelation.h */ = {isa = PBXFileReference; lastKnownFileType = sourcecode.c.h; path = IncrementalCorrelationRelation.h; sourceTree = "<group>"; };
		E1CBA0FF15D0543400A81577 /* factor_register.h */ = {isa = PBXFileReference; lastKnownFileType = sourcecode.c.h; path = factor_register.h; sourceTree = "<group>"; };
		E1CBA10015D0D76E00A81577 /* Timer.h */ = {isa = PBXFileReference; lastKnownFileType = sourcecode.c.h; path = Timer.h; sourceTree = "<group>"; };
		E1CD8DD81601784C006BF294 /* elly */ = {isa = PBXFileReference; explicitFileType = "compiled.mach-o.executable"; includeInIndex = 0; path = elly; sourceTree = BUILT_PRODUCTS_DIR; };
		E1CD8DDB1601784C006BF294 /* main.cpp */ = {isa = PBXFileReference; lastKnownFileType = sourcecode.cpp.cpp; path = main.cpp; sourceTree = "<group>"; };
		E1CD8DDD1601784C006BF294 /* elly.1 */ = {isa = PBXFileReference; lastKnownFileType = text.man; path = elly.1; sourceTree = "<group>"; };
/* End PBXFileReference section */

/* Begin PBXFrameworksBuildPhase section */
		E186EBB215A50EAB001DC23D /* Frameworks */ = {
			isa = PBXFrameworksBuildPhase;
			buildActionMask = 2147483647;
			files = (
				E186EBB915A50EAB001DC23D /* SenTestingKit.framework in Frameworks */,
				E186EBBB15A50EAB001DC23D /* Cocoa.framework in Frameworks */,
			);
			runOnlyForDeploymentPostprocessing = 0;
		};
		E1CD8DD51601784C006BF294 /* Frameworks */ = {
			isa = PBXFrameworksBuildPhase;
			buildActionMask = 2147483647;
			files = (
			);
			runOnlyForDeploymentPostprocessing = 0;
		};
/* End PBXFrameworksBuildPhase section */

/* Begin PBXGroup section */
		E1071CD815A60F6C00999BDF /* html */ = {
			isa = PBXGroup;
			children = (
				E1071CD915A60F6C00999BDF /* _common_8h_source.html */,
				E1071CDA15A60F6C00999BDF /* _config_8h_source.html */,
				E1071CDB15A60F6C00999BDF /* _inf__marginal_8h_source.html */,
				E1071CDC15A60F6C00999BDF /* _log_8h_source.html */,
				E1071CDD15A60F6C00999BDF /* _option_parser_8h_source.html */,
				E1071CDE15A60F6C00999BDF /* annotated.html */,
				E1071CDF15A60F6C00999BDF /* bc_s.png */,
				E1071CE015A60F6C00999BDF /* bdwn.png */,
				E1071CE115A60F6C00999BDF /* classelly_1_1_elly-members.html */,
				E1071CE215A60F6C00999BDF /* classelly_1_1_elly.html */,
				E1071CE315A60F6C00999BDF /* classelly_1_1inf_1_1_inf__marginal-members.html */,
				E1071CE415A60F6C00999BDF /* classelly_1_1inf_1_1_inf__marginal.html */,
				E1071CE515A60F6C00999BDF /* classelly_1_1utils_1_1_config-members.html */,
				E1071CE615A60F6C00999BDF /* classelly_1_1utils_1_1_config.html */,
				E1071CE715A60F6C00999BDF /* classes.html */,
				E1071CE815A60F6C00999BDF /* closed.png */,
				E1071CE915A60F6C00999BDF /* dir_1f47b18e207bb9411d5e496bb6292794.html */,
				E1071CEA15A60F6C00999BDF /* dir_62f31edd60f72b0f6ff4918ec3b4d062.html */,
				E1071CEB15A60F6C00999BDF /* dir_8afb83cbf93ef87f1a88a0dc314ce25d.html */,
				E1071CEC15A60F6C00999BDF /* dir_b25e65cdd26a3dcab8dc96a586d7f2c4.html */,
				E1071CED15A60F6C00999BDF /* doxygen.css */,
				E1071CEE15A60F6C00999BDF /* doxygen.png */,
				E1071CEF15A60F6C00999BDF /* dynsections.js */,
				E1071CF015A60F6C00999BDF /* elly__test_8h_source.html */,
				E1071CF115A60F6C00999BDF /* files.html */,
				E1071CF215A60F6C00999BDF /* ftv2blank.png */,
				E1071CF315A60F6C00999BDF /* ftv2cl.png */,
				E1071CF415A60F6C00999BDF /* ftv2doc.png */,
				E1071CF515A60F6C00999BDF /* ftv2folderclosed.png */,
				E1071CF615A60F6C00999BDF /* ftv2folderopen.png */,
				E1071CF715A60F6C00999BDF /* ftv2lastnode.png */,
				E1071CF815A60F6C00999BDF /* ftv2link.png */,
				E1071CF915A60F6C00999BDF /* ftv2mlastnode.png */,
				E1071CFA15A60F6C00999BDF /* ftv2mnode.png */,
				E1071CFB15A60F6C00999BDF /* ftv2mo.png */,
				E1071CFC15A60F6C00999BDF /* ftv2node.png */,
				E1071CFD15A60F6C00999BDF /* ftv2ns.png */,
				E1071CFE15A60F6C00999BDF /* ftv2plastnode.png */,
				E1071CFF15A60F6C00999BDF /* ftv2pnode.png */,
				E1071D0015A60F6C00999BDF /* ftv2splitbar.png */,
				E1071D0115A60F6C00999BDF /* ftv2vertline.png */,
				E1071D0215A60F6C00999BDF /* index.html */,
				E1071D0315A60F6C00999BDF /* interfaceelly__test.html */,
				E1071D0415A60F6C00999BDF /* jquery.js */,
				E1071D0515A60F6C00999BDF /* namespaceelly_1_1utils.html */,
				E1071D0615A60F6C00999BDF /* namespacemembers.html */,
				E1071D0715A60F6C00999BDF /* namespacemembers_func.html */,
				E1071D0815A60F6C00999BDF /* namespaces.html */,
				E1071D0915A60F6C00999BDF /* nav_f.png */,
				E1071D0A15A60F6C00999BDF /* nav_g.png */,
				E1071D0B15A60F6C00999BDF /* nav_h.png */,
				E1071D0C15A60F6C00999BDF /* open.png */,
				E1071D0D15A60F6C00999BDF /* search */,
				E1071D2815A60F6C00999BDF /* tab_a.png */,
				E1071D2915A60F6C00999BDF /* tab_b.png */,
				E1071D2A15A60F6C00999BDF /* tab_h.png */,
				E1071D2B15A60F6C00999BDF /* tab_s.png */,
				E1071D2C15A60F6C00999BDF /* tabs.css */,
			);
			path = html;
			sourceTree = "<group>";
		};
		E1071D0D15A60F6C00999BDF /* search */ = {
			isa = PBXGroup;
			children = (
				E1071D0E15A60F6C00999BDF /* all_63.html */,
				E1071D0F15A60F6C00999BDF /* all_63.js */,
				E1071D1015A60F6C00999BDF /* all_65.html */,
				E1071D1115A60F6C00999BDF /* all_65.js */,
				E1071D1215A60F6C00999BDF /* all_69.html */,
				E1071D1315A60F6C00999BDF /* all_69.js */,
				E1071D1415A60F6C00999BDF /* all_70.html */,
				E1071D1515A60F6C00999BDF /* all_70.js */,
				E1071D1615A60F6C00999BDF /* classes_63.html */,
				E1071D1715A60F6C00999BDF /* classes_63.js */,
				E1071D1815A60F6C00999BDF /* classes_65.html */,
				E1071D1915A60F6C00999BDF /* classes_65.js */,
				E1071D1A15A60F6C00999BDF /* classes_69.html */,
				E1071D1B15A60F6C00999BDF /* classes_69.js */,
				E1071D1C15A60F6C00999BDF /* close.png */,
				E1071D1D15A60F6C00999BDF /* functions_70.html */,
				E1071D1E15A60F6C00999BDF /* functions_70.js */,
				E1071D1F15A60F6C00999BDF /* mag_sel.png */,
				E1071D2015A60F6C00999BDF /* namespaces_65.html */,
				E1071D2115A60F6C00999BDF /* namespaces_65.js */,
				E1071D2215A60F6C00999BDF /* nomatches.html */,
				E1071D2315A60F6C00999BDF /* search.css */,
				E1071D2415A60F6C00999BDF /* search.js */,
				E1071D2515A60F6C00999BDF /* search_l.png */,
				E1071D2615A60F6C00999BDF /* search_m.png */,
				E1071D2715A60F6C00999BDF /* search_r.png */,
			);
			path = search;
			sourceTree = "<group>";
		};
		E111977615A4B9EE00562975 = {
			isa = PBXGroup;
			children = (
				E1071CD815A60F6C00999BDF /* html */,
				E1071CD715A60F6400999BDF /* Doxyfile */,
				E186EBCD15A50F77001DC23D /* data */,
				E111978415A4B9EE00562975 /* elly */,
				E1CD8DDA1601784C006BF294 /* elly */,
				E186EBB715A50EAB001DC23D /* Frameworks */,
				E111978215A4B9EE00562975 /* Products */,
			);
			sourceTree = "<group>";
			usesTabs = 0;
		};
		E111978215A4B9EE00562975 /* Products */ = {
			isa = PBXGroup;
			children = (
				E186EBB615A50EAB001DC23D /* elly_test.octest */,
				E1CD8DD81601784C006BF294 /* elly */,
			);
			name = Products;
			sourceTree = "<group>";
		};
		E111978415A4B9EE00562975 /* elly */ = {
			isa = PBXGroup;
			children = (
				E1427EF215FE84EB00F75C1E /* SMan */,
				E17E98E315C3EDC30048AAB2 /* alg */,
				E17E98E115C3DC0D0048AAB2 /* mat */,
				E14CAAF115C186DB00288FFB /* factors */,
				E1866D5915AC1FB9003AB862 /* dstruct */,
				E16E324315A4F17A008C69B6 /* utils */,
				E16E324215A4F17A008C69B6 /* main.cpp */,
				E16E324115A4F17A008C69B6 /* elly.1 */,
			);
			path = elly;
			sourceTree = "<group>";
		};
		E1427EF215FE84EB00F75C1E /* SMan */ = {
			isa = PBXGroup;
			children = (
				E19062641603D2530093066A /* kvstore */,
				E17FF13816017AD600BC7B34 /* gen-cpp */,
				E1427EF315FE84EB00F75C1E /* buffer */,
				E1427EF415FE84EB00F75C1E /* common */,
				E1427EF715FE84EB00F75C1E /* java */,
				E1427F2B15FE84EB00F75C1E /* objstore */,
				E1427F3215FE84EB00F75C1E /* SMan.1 */,
				E1427F3315FE84EB00F75C1E /* test */,
			);
			name = SMan;
			path = ../../SMan;
			sourceTree = "<group>";
		};
		E1427EF315FE84EB00F75C1E /* buffer */ = {
			isa = PBXGroup;
			children = (
			);
			path = buffer;
			sourceTree = "<group>";
		};
		E1427EF415FE84EB00F75C1E /* common */ = {
			isa = PBXGroup;
			children = (
				E1427EF515FE84EB00F75C1E /* Common.h */,
				E1427EF615FE84EB00F75C1E /* Timer.h */,
				E1427F6115FE894A00F75C1E /* Include.h */,
			);
			path = common;
			sourceTree = "<group>";
		};
		E1427EF715FE84EB00F75C1E /* java */ = {
			isa = PBXGroup;
			children = (
				E1427EF815FE84EB00F75C1E /* .classpath */,
				E1427EF915FE84EB00F75C1E /* .project */,
				E1427EFA15FE84EB00F75C1E /* bin */,
				E1427EFE15FE84EB00F75C1E /* lib */,
				E1427F2615FE84EB00F75C1E /* src */,
			);
			path = java;
			sourceTree = "<group>";
		};
		E1427EFA15FE84EB00F75C1E /* bin */ = {
			isa = PBXGroup;
			children = (
				E1427EFB15FE84EB00F75C1E /* AccumuloConnector.class */,
				E1427EFC15FE84EB00F75C1E /* HashMapConnector.class */,
				E1427EFD15FE84EB00F75C1E /* PostgreSQLConnector.class */,
			);
			path = bin;
			sourceTree = "<group>";
		};
		E1427EFE15FE84EB00F75C1E /* lib */ = {
			isa = PBXGroup;
			children = (
				E1427EFF15FE84EB00F75C1E /* accumulo-core-1.4.1-javadoc.jar */,
				E1427F0015FE84EB00F75C1E /* accumulo-core-1.4.1-sources.jar */,
				E1427F0115FE84EB00F75C1E /* accumulo-core-1.4.1.jar */,
				E1427F0215FE84EB00F75C1E /* accumulo-server-1.4.1-javadoc.jar */,
				E1427F0315FE84EB00F75C1E /* accumulo-server-1.4.1-sources.jar */,
				E1427F0415FE84EB00F75C1E /* accumulo-server-1.4.1.jar */,
				E1427F0515FE84EB00F75C1E /* accumulo-start-1.4.1-javadoc.jar */,
				E1427F0615FE84EB00F75C1E /* accumulo-start-1.4.1-sources.jar */,
				E1427F0715FE84EB00F75C1E /* accumulo-start-1.4.1.jar */,
				E1427F0815FE84EB00F75C1E /* cloudtrace-1.4.1-javadoc.jar */,
				E1427F0915FE84EB00F75C1E /* cloudtrace-1.4.1-sources.jar */,
				E1427F0A15FE84EB00F75C1E /* cloudtrace-1.4.1.jar */,
				E1427F0B15FE84EB00F75C1E /* commons-collections-3.2.jar */,
				E1427F0C15FE84EB00F75C1E /* commons-configuration-1.5.jar */,
				E1427F0D15FE84EB00F75C1E /* commons-io-1.4.jar */,
				E1427F0E15FE84EB00F75C1E /* commons-jci-core-1.0.jar */,
				E1427F0F15FE84EB00F75C1E /* commons-jci-fam-1.0.jar */,
				E1427F1015FE84EB00F75C1E /* commons-lang-2.4.jar */,
				E1427F1115FE84EB00F75C1E /* commons-logging-1.0.4.jar */,
				E1427F1215FE84EB00F75C1E /* commons-logging-api-1.0.4.jar */,
				E1427F1315FE84EB00F75C1E /* examples-simple-1.4.1-javadoc.jar */,
				E1427F1415FE84EB00F75C1E /* examples-simple-1.4.1-sources.jar */,
				E1427F1515FE84EB00F75C1E /* examples-simple-1.4.1.jar */,
				E1427F1615FE84EB00F75C1E /* hadoop-ant-1.0.3.jar */,
				E1427F1715FE84EB00F75C1E /* hadoop-client-1.0.3.jar */,
				E1427F1815FE84EB00F75C1E /* hadoop-core-1.0.3.jar */,
				E1427F1915FE84EB00F75C1E /* hadoop-examples-1.0.3.jar */,
				E1427F1A15FE84EB00F75C1E /* hadoop-minicluster-1.0.3.jar */,
				E1427F1B15FE84EB00F75C1E /* hadoop-test-1.0.3.jar */,
				E1427F1C15FE84EB00F75C1E /* hadoop-tools-1.0.3.jar */,
				E1427F1D15FE84EB00F75C1E /* jline-0.9.94.jar */,
				E1427F1E15FE84EB00F75C1E /* libthrift-0.6.1.jar */,
				E1427F1F15FE84EB00F75C1E /* log4j-1.2.16.jar */,
				E1427F2015FE84EB00F75C1E /* postgresql-8.4-701.jdbc4.jar */,
				E1427F2115FE84EB00F75C1E /* slf4j-api-1.6.1.jar */,
				E1427F2215FE84EB00F75C1E /* slf4j-log4j12-1.6.1.jar */,
				E1427F2315FE84EB00F75C1E /* wikisearch-ingest-1.4.1-javadoc.jar */,
				E1427F2415FE84EB00F75C1E /* wikisearch-query-1.4.1-javadoc.jar */,
				E1427F2515FE84EB00F75C1E /* zookeeper-3.4.3.jar */,
			);
			path = lib;
			sourceTree = "<group>";
		};
		E1427F2615FE84EB00F75C1E /* src */ = {
			isa = PBXGroup;
			children = (
				E1427F2715FE84EB00F75C1E /* AccumuloConnector.java */,
				E1427F2815FE84EB00F75C1E /* HashMapConnector.java */,
				E1427F2915FE84EB00F75C1E /* PostgreSQLConnector.java */,
			);
			path = src;
			sourceTree = "<group>";
		};
		E1427F2B15FE84EB00F75C1E /* objstore */ = {
			isa = PBXGroup;
			children = (
				E1427F2C15FE84EB00F75C1E /* BufferedObjStore.h */,
				E1427F2D15FE84EB00F75C1E /* BufferedObjStore_perbuffer.h */,
				E1427F2E15FE84EB00F75C1E /* ObjectStore_FILE.h */,
				E1427F2F15FE84EB00F75C1E /* ObjectStore_JHASH.h */,
				E13D71971601748E00C56201 /* ObjectStore_HBASE.h */,
				E1427F3015FE84EB00F75C1E /* ObjectStore_MM.h */,
				E1427F3115FE84EB00F75C1E /* ObjStore.h */,
			);
			path = objstore;
			sourceTree = "<group>";
		};
		E1427F3315FE84EB00F75C1E /* test */ = {
			isa = PBXGroup;
			children = (
				E1427F3415FE84EB00F75C1E /* test_parallel.h */,
			);
			path = test;
			sourceTree = "<group>";
		};
		E14CAAF115C186DB00288FFB /* factors */ = {
			isa = PBXGroup;
			children = (
				E14CAAF415C1898100288FFB /* factor_inits.h */,
				E1CBA0FF15D0543400A81577 /* factor_register.h */,
			);
			path = factors;
			sourceTree = "<group>";
		};
		E16E324315A4F17A008C69B6 /* utils */ = {
			isa = PBXGroup;
			children = (
				E1743CB616061B6A00AA0762 /* ExpSetting.h */,
				E16E324515A4F1A7008C69B6 /* OptionParser.h */,
				E16E324615A4F246008C69B6 /* Config.h */,
				E186EBCF15A5134F001DC23D /* Log.h */,
				E185EE4A15A51728009C6FBA /* Common.h */,
				E18799A215A93AAB0026F196 /* FactorFileParser.h */,
				E1CBA10015D0D76E00A81577 /* Timer.h */,
			);
			path = utils;
			sourceTree = "<group>";
		};
		E17E98E115C3DC0D0048AAB2 /* mat */ = {
			isa = PBXGroup;
			children = (
				E17E98E215C3DC240048AAB2 /* Materialization_lazy.h */,
				E14AC45C1604ECF600125181 /* Materialization_fcoc.h */,
				E1743CAD1605A8D000AA0762 /* Materialization_vcoc.h */,
				E1743CAE1605B1E100AA0762 /* Materialization_full.h */,
				E1743CAC16059C1900AA0762 /* Materialization.h */,
			);
			path = mat;
			sourceTree = "<group>";
		};
		E17E98E315C3EDC30048AAB2 /* alg */ = {
			isa = PBXGroup;
			children = (
				E17E98E415C3EDCB0048AAB2 /* GibbsSampler.h */,
			);
			path = alg;
			sourceTree = "<group>";
		};
		E17FF13816017AD600BC7B34 /* gen-cpp */ = {
			isa = PBXGroup;
			children = (
				E17FF13916017AD600BC7B34 /* Hbase.cpp */,
				E17FF13A16017AD600BC7B34 /* Hbase.h */,
				E17FF13B16017AD600BC7B34 /* hbase_constants.cpp */,
				E17FF13C16017AD600BC7B34 /* hbase_constants.h */,
				E17FF13D16017AD600BC7B34 /* Hbase_server.skeleton.cpp */,
				E17FF13E16017AD600BC7B34 /* hbase_types.cpp */,
				E17FF13F16017AD600BC7B34 /* hbase_types.h */,
			);
			path = "gen-cpp";
			sourceTree = "<group>";
		};
		E183316915A534D200A988D6 /* LR */ = {
			isa = PBXGroup;
			children = (
			);
			path = LR;
			sourceTree = "<group>";
		};
		E183316A15A534D200A988D6 /* tmp */ = {
			isa = PBXGroup;
			children = (
			);
			path = tmp;
			sourceTree = "<group>";
		};
		E1866D5915AC1FB9003AB862 /* dstruct */ = {
			isa = PBXGroup;
			children = (
				E1866D5A15AC1FCE003AB862 /* StandardCorrelationRelation.h */,
				E17E98DF15C3D5D70048AAB2 /* VariableAssignmentRelation.h */,
				E14CAB0115C1A82B00288FFB /* VariableFactorRelation.h */,
				E1A118F115D16CE900879AB1 /* VariableTallyRelation.h */,
				E1A118F315D2AB8500879AB1 /* VariableTrainingRelation.h */,
				E18EFFE815D040BB00E2B480 /* AbstractCorrelationRelation.h */,
				E1CBA0FE15D0533300A81577 /* IncrementalCorrelationRelation.h */,
			);
			path = dstruct;
			sourceTree = "<group>";
		};
		E186EBB715A50EAB001DC23D /* Frameworks */ = {
			isa = PBXGroup;
			children = (
				E186EBB815A50EAB001DC23D /* SenTestingKit.framework */,
				E186EBBA15A50EAB001DC23D /* Cocoa.framework */,
				E186EBBC15A50EAB001DC23D /* Other Frameworks */,
			);
			name = Frameworks;
			sourceTree = "<group>";
		};
		E186EBBC15A50EAB001DC23D /* Other Frameworks */ = {
			isa = PBXGroup;
			children = (
				E186EBBD15A50EAB001DC23D /* AppKit.framework */,
				E186EBBE15A50EAB001DC23D /* CoreData.framework */,
				E186EBBF15A50EAB001DC23D /* Foundation.framework */,
			);
			name = "Other Frameworks";
			sourceTree = "<group>";
		};
		E186EBCD15A50F77001DC23D /* data */ = {
			isa = PBXGroup;
			children = (
				E183316915A534D200A988D6 /* LR */,
				E183316A15A534D200A988D6 /* tmp */,
				E186EBCE15A50F89001DC23D /* config_test.cfg */,
			);
			path = data;
			sourceTree = "<group>";
		};
		E19062641603D2530093066A /* kvstore */ = {
			isa = PBXGroup;
			children = (
				E19062661603D26D0093066A /* PagedBufferedObjectStore.h */,
			);
			path = kvstore;
			sourceTree = "<group>";
		};
		E1CD8DDA1601784C006BF294 /* elly */ = {
			isa = PBXGroup;
			children = (
				E1CD8DDB1601784C006BF294 /* main.cpp */,
				E1CD8DDD1601784C006BF294 /* elly.1 */,
			);
			path = elly;
			sourceTree = "<group>";
		};
/* End PBXGroup section */

/* Begin PBXNativeTarget section */
		E186EBB515A50EAB001DC23D /* elly_test */ = {
			isa = PBXNativeTarget;
			buildConfigurationList = E186EBCA15A50EAB001DC23D /* Build configuration list for PBXNativeTarget "elly_test" */;
			buildPhases = (
				E186EBB115A50EAB001DC23D /* Sources */,
				E186EBB215A50EAB001DC23D /* Frameworks */,
				E186EBB315A50EAB001DC23D /* Resources */,
				E186EBB415A50EAB001DC23D /* ShellScript */,
			);
			buildRules = (
			);
			dependencies = (
			);
			name = elly_test;
			productName = elly_test;
			productReference = E186EBB615A50EAB001DC23D /* elly_test.octest */;
			productType = "com.apple.product-type.bundle";
		};
		E1CD8DD71601784C006BF294 /* elly */ = {
			isa = PBXNativeTarget;
			buildConfigurationList = E1CD8DDF1601784C006BF294 /* Build configuration list for PBXNativeTarget "elly" */;
			buildPhases = (
				E1CD8DD41601784C006BF294 /* Sources */,
				E1CD8DD51601784C006BF294 /* Frameworks */,
				E1CD8DD61601784C006BF294 /* CopyFiles */,
			);
			buildRules = (
			);
			dependencies = (
			);
			name = elly;
			productName = elly;
			productReference = E1CD8DD81601784C006BF294 /* elly */;
			productType = "com.apple.product-type.tool";
		};
/* End PBXNativeTarget section */

/* Begin PBXProject section */
		E111977815A4B9EE00562975 /* Project object */ = {
			isa = PBXProject;
			attributes = {
				LastUpgradeCheck = 0440;
				ORGANIZATIONNAME = "University of Wisconsin-Madison";
			};
			buildConfigurationList = E111977B15A4B9EE00562975 /* Build configuration list for PBXProject "elly" */;
			compatibilityVersion = "Xcode 3.2";
			developmentRegion = English;
			hasScannedForEncodings = 0;
			knownRegions = (
				en,
			);
			mainGroup = E111977615A4B9EE00562975;
			productRefGroup = E111978215A4B9EE00562975 /* Products */;
			projectDirPath = "";
			projectRoot = "";
			targets = (
				E186EBB515A50EAB001DC23D /* elly_test */,
				E1CD8DD71601784C006BF294 /* elly */,
			);
		};
/* End PBXProject section */

/* Begin PBXResourcesBuildPhase section */
		E186EBB315A50EAB001DC23D /* Resources */ = {
			isa = PBXResourcesBuildPhase;
			buildActionMask = 2147483647;
			files = (
			);
			runOnlyForDeploymentPostprocessing = 0;
		};
/* End PBXResourcesBuildPhase section */

/* Begin PBXShellScriptBuildPhase section */
		E186EBB415A50EAB001DC23D /* ShellScript */ = {
			isa = PBXShellScriptBuildPhase;
			buildActionMask = 2147483647;
			files = (
			);
			inputPaths = (
			);
			outputPaths = (
			);
			runOnlyForDeploymentPostprocessing = 0;
			shellPath = /bin/sh;
			shellScript = "# Run the unit tests in this test bundle.\n\"${SYSTEM_DEVELOPER_DIR}/Tools/RunUnitTests\"\n";
		};
/* End PBXShellScriptBuildPhase section */

/* Begin PBXSourcesBuildPhase section */
		E186EBB115A50EAB001DC23D /* Sources */ = {
			isa = PBXSourcesBuildPhase;
			buildActionMask = 2147483647;
			files = (
			);
			runOnlyForDeploymentPostprocessing = 0;
		};
		E1CD8DD41601784C006BF294 /* Sources */ = {
			isa = PBXSourcesBuildPhase;
			buildActionMask = 2147483647;
			files = (
				E1CD8DDC1601784C006BF294 /* main.cpp in Sources */,
				E17FF14016017AD600BC7B34 /* Hbase.cpp in Sources */,
				E17FF14116017AD600BC7B34 /* hbase_constants.cpp in Sources */,
				E17FF14216017AD600BC7B34 /* Hbase_server.skeleton.cpp in Sources */,
				E17FF14316017AD600BC7B34 /* hbase_types.cpp in Sources */,
			);
			runOnlyForDeploymentPostprocessing = 0;
		};
/* End PBXSourcesBuildPhase section */

/* Begin XCBuildConfiguration section */
		E111978915A4B9EE00562975 /* Debug */ = {
			isa = XCBuildConfiguration;
			buildSettings = {
				ALWAYS_SEARCH_USER_PATHS = YES;
				ARCHS = "$(ARCHS_STANDARD_64_BIT)";
				CLANG_CXX_LANGUAGE_STANDARD = "gnu++0x";
				CLANG_CXX_LIBRARY = "libc++";
				CLANG_ENABLE_OBJC_ARC = YES;
				COPY_PHASE_STRIP = NO;
				GCC_C_LANGUAGE_STANDARD = gnu99;
				GCC_DYNAMIC_NO_PIC = NO;
				GCC_ENABLE_OBJC_EXCEPTIONS = YES;
				GCC_OPTIMIZATION_LEVEL = 0;
				GCC_PREPROCESSOR_DEFINITIONS = (
					"DEBUG=1",
					"$(inherited)",
				);
				GCC_SYMBOLS_PRIVATE_EXTERN = NO;
				GCC_VERSION = com.apple.compilers.llvm.clang.1_0;
				GCC_WARN_64_TO_32_BIT_CONVERSION = YES;
				GCC_WARN_ABOUT_RETURN_TYPE = YES;
				GCC_WARN_UNINITIALIZED_AUTOS = YES;
				GCC_WARN_UNUSED_VARIABLE = YES;
				HEADER_SEARCH_PATHS = (
					"/usr/local/include/**",
					/Users/czhang/Desktop/Codes/mia/dep/boost,
					"/Users/czhang/Desktop/Software/thrift/include/thrift/**",
				);
				LIBRARY_SEARCH_PATHS = (
					"/usr/local/lib/**",
					"/Users/czhang/Downloads/stxxl-1.3.1/lib/**",
					"/Users/czhang/Desktop/Software/thrift3/lib/**",
				);
				MACOSX_DEPLOYMENT_TARGET = 10.7;
				ONLY_ACTIVE_ARCH = YES;
				OTHER_CFLAGS = "-I/usr/local/include/";
				OTHER_LDFLAGS = (
					"-lboost_program_options-mt",
					"-lthrift",
				);
				SDKROOT = macosx;
				USER_HEADER_SEARCH_PATHS = "/usr/local/include/** /Users/czhang/Desktop/Software/thrift/include/thrift/**";
			};
			name = Debug;
		};
		E111978A15A4B9EE00562975 /* Release */ = {
			isa = XCBuildConfiguration;
			buildSettings = {
				ALWAYS_SEARCH_USER_PATHS = YES;
				ARCHS = "$(ARCHS_STANDARD_64_BIT)";
				CLANG_CXX_LANGUAGE_STANDARD = "gnu++0x";
				CLANG_CXX_LIBRARY = "libc++";
				CLANG_ENABLE_OBJC_ARC = YES;
				COPY_PHASE_STRIP = YES;
				DEBUG_INFORMATION_FORMAT = "dwarf-with-dsym";
				GCC_C_LANGUAGE_STANDARD = gnu99;
				GCC_ENABLE_OBJC_EXCEPTIONS = YES;
				GCC_VERSION = com.apple.compilers.llvm.clang.1_0;
				GCC_WARN_64_TO_32_BIT_CONVERSION = YES;
				GCC_WARN_ABOUT_RETURN_TYPE = YES;
				GCC_WARN_UNINITIALIZED_AUTOS = YES;
				GCC_WARN_UNUSED_VARIABLE = YES;
				HEADER_SEARCH_PATHS = (
					"/usr/local/include/**",
					/Users/czhang/Desktop/Codes/mia/dep/boost,
					"/Users/czhang/Desktop/Software/thrift/include/thrift/**",
				);
				LIBRARY_SEARCH_PATHS = (
					"/usr/local/lib/**",
					"/Users/czhang/Downloads/stxxl-1.3.1/lib/**",
					"/Users/czhang/Desktop/Software/thrift3/lib/**",
				);
				MACOSX_DEPLOYMENT_TARGET = 10.7;
				OTHER_CFLAGS = "-I/usr/local/include/";
				OTHER_LDFLAGS = (
					"-lboost_program_options-mt",
					"-lthrift",
				);
				SDKROOT = macosx;
				USER_HEADER_SEARCH_PATHS = "/usr/local/include/** /Users/czhang/Desktop/Software/thrift/include/thrift/**";
			};
			name = Release;
		};
		E186EBCB15A50EAB001DC23D /* Debug */ = {
			isa = XCBuildConfiguration;
			buildSettings = {
				COMBINE_HIDPI_IMAGES = YES;
				FRAMEWORK_SEARCH_PATHS = "$(DEVELOPER_LIBRARY_DIR)/Frameworks";
				GCC_PRECOMPILE_PREFIX_HEADER = YES;
				GCC_PREFIX_HEADER = "elly_test/elly_test-Prefix.pch";
				INFOPLIST_FILE = "elly_test/elly_test-Info.plist";
				PRODUCT_NAME = "$(TARGET_NAME)";
				WRAPPER_EXTENSION = octest;
			};
			name = Debug;
		};
		E186EBCC15A50EAB001DC23D /* Release */ = {
			isa = XCBuildConfiguration;
			buildSettings = {
				COMBINE_HIDPI_IMAGES = YES;
				FRAMEWORK_SEARCH_PATHS = "$(DEVELOPER_LIBRARY_DIR)/Frameworks";
				GCC_PRECOMPILE_PREFIX_HEADER = YES;
				GCC_PREFIX_HEADER = "elly_test/elly_test-Prefix.pch";
				INFOPLIST_FILE = "elly_test/elly_test-Info.plist";
				PRODUCT_NAME = "$(TARGET_NAME)";
				WRAPPER_EXTENSION = octest;
			};
			name = Release;
		};
		E1CD8DE01601784C006BF294 /* Debug */ = {
			isa = XCBuildConfiguration;
			buildSettings = {
				ALWAYS_SEARCH_USER_PATHS = NO;
				CLANG_CXX_LANGUAGE_STANDARD = "c++0x";
				CLANG_CXX_LIBRARY = "libstdc++";
				CLANG_WARN__DUPLICATE_METHOD_MATCH = YES;
				HEADER_SEARCH_PATHS = (
					/usr/local/include,
					/Users/czhang/Desktop/Codes/mia/dep/boost,
					"/Users/czhang/Desktop/Software/thrift3/include/thrift/**",
					/System/Library/Frameworks/JavaVM.framework/Headers,
				);
				MACOSX_DEPLOYMENT_TARGET = 10.8;
				OTHER_LDFLAGS = (
					"-lboost_program_options-mt",
					"-framework",
					JavaVM,
					"-lthrift",
				);
				PRODUCT_NAME = "$(TARGET_NAME)";
				USER_HEADER_SEARCH_PATHS = "/usr/local/include /Users/czhang/Desktop/Software/thrift3/include/thrift/**";
			};
			name = Debug;
		};
		E1CD8DE11601784C006BF294 /* Release */ = {
			isa = XCBuildConfiguration;
			buildSettings = {
				ALWAYS_SEARCH_USER_PATHS = NO;
				CLANG_CXX_LANGUAGE_STANDARD = "c++0x";
				CLANG_CXX_LIBRARY = "libstdc++";
				CLANG_WARN__DUPLICATE_METHOD_MATCH = YES;
				HEADER_SEARCH_PATHS = (
					/usr/local/include,
					/Users/czhang/Desktop/Codes/mia/dep/boost,
					"/Users/czhang/Desktop/Software/thrift3/include/thrift/**",
					/System/Library/Frameworks/JavaVM.framework/Headers,
				);
				MACOSX_DEPLOYMENT_TARGET = 10.8;
				OTHER_LDFLAGS = (
					"-lboost_program_options-mt",
					"-framework",
					JavaVM,
					"-lthrift",
				);
				PRODUCT_NAME = "$(TARGET_NAME)";
				USER_HEADER_SEARCH_PATHS = "/usr/local/include /Users/czhang/Desktop/Software/thrift3/include/thrift/**";
			};
			name = Release;
		};
/* End XCBuildConfiguration section */

/* Begin XCConfigurationList section */
		E111977B15A4B9EE00562975 /* Build configuration list for PBXProject "elly" */ = {
			isa = XCConfigurationList;
			buildConfigurations = (
				E111978915A4B9EE00562975 /* Debug */,
				E111978A15A4B9EE00562975 /* Release */,
			);
			defaultConfigurationIsVisible = 0;
			defaultConfigurationName = Release;
		};
		E186EBCA15A50EAB001DC23D /* Build configuration list for PBXNativeTarget "elly_test" */ = {
			isa = XCConfigurationList;
			buildConfigurations = (
				E186EBCB15A50EAB001DC23D /* Debug */,
				E186EBCC15A50EAB001DC23D /* Release */,
			);
			defaultConfigurationIsVisible = 0;
			defaultConfigurationName = Release;
		};
		E1CD8DDF1601784C006BF294 /* Build configuration list for PBXNativeTarget "elly" */ = {
			isa = XCConfigurationList;
			buildConfigurations = (
				E1CD8DE01601784C006BF294 /* Debug */,
				E1CD8DE11601784C006BF294 /* Release */,
			);
			defaultConfigurationIsVisible = 0;
			defaultConfigurationName = Release;
		};
/* End XCConfigurationList section */
	};
	rootObject = E111977815A4B9EE00562975 /* Project object */;
}
