// !$*UTF8*$!
{
	archiveVersion = 1;
	classes = {
	};
	objectVersion = 46;
	objects = {

/* Begin PBXBuildFile section */
		E1F985CB15A97600005749DA /* main.cpp in Sources */ = {isa = PBXBuildFile; fileRef = E1F985CA15A97600005749DA /* main.cpp */; };
		E1F985CD15A97600005749DA /* sm.1 in CopyFiles */ = {isa = PBXBuildFile; fileRef = E1F985CC15A97600005749DA /* sm.1 */; };
/* End PBXBuildFile section */

/* Begin PBXCopyFilesBuildPhase section */
		E1F985C415A97600005749DA /* CopyFiles */ = {
			isa = PBXCopyFilesBuildPhase;
			buildActionMask = 2147483647;
			dstPath = /usr/share/man/man1/;
			dstSubfolderSpec = 0;
			files = (
				E1F985CD15A97600005749DA /* sm.1 in CopyFiles */,
			);
			runOnlyForDeploymentPostprocessing = 1;
		};
/* End PBXCopyFilesBuildPhase section */

/* Begin PBXFileReference section */
		E1F985C615A97600005749DA /* sm */ = {isa = PBXFileReference; explicitFileType = "compiled.mach-o.executable"; includeInIndex = 0; path = sm; sourceTree = BUILT_PRODUCTS_DIR; };
		E1F985CA15A97600005749DA /* main.cpp */ = {isa = PBXFileReference; lastKnownFileType = sourcecode.cpp.cpp; path = main.cpp; sourceTree = "<group>"; };
		E1F985CC15A97600005749DA /* sm.1 */ = {isa = PBXFileReference; lastKnownFileType = text.man; path = sm.1; sourceTree = "<group>"; };
/* End PBXFileReference section */

/* Begin PBXFrameworksBuildPhase section */
		E1F985C315A97600005749DA /* Frameworks */ = {
			isa = PBXFrameworksBuildPhase;
			buildActionMask = 2147483647;
			files = (
			);
			runOnlyForDeploymentPostprocessing = 0;
		};
/* End PBXFrameworksBuildPhase section */

/* Begin PBXGroup section */
		E1F985BB15A97600005749DA = {
			isa = PBXGroup;
			children = (
				E1F985C915A97600005749DA /* sm */,
				E1F985C715A97600005749DA /* Products */,
			);
			sourceTree = "<group>";
		};
		E1F985C715A97600005749DA /* Products */ = {
			isa = PBXGroup;
			children = (
				E1F985C615A97600005749DA /* sm */,
			);
			name = Products;
			sourceTree = "<group>";
		};
		E1F985C915A97600005749DA /* sm */ = {
			isa = PBXGroup;
			children = (
				E1F985CA15A97600005749DA /* main.cpp */,
				E1F985CC15A97600005749DA /* sm.1 */,
			);
			path = sm;
			sourceTree = "<group>";
		};
/* End PBXGroup section */

/* Begin PBXNativeTarget section */
		E1F985C515A97600005749DA /* sm */ = {
			isa = PBXNativeTarget;
			buildConfigurationList = E1F985D015A97600005749DA /* Build configuration list for PBXNativeTarget "sm" */;
			buildPhases = (
				E1F985C215A97600005749DA /* Sources */,
				E1F985C315A97600005749DA /* Frameworks */,
				E1F985C415A97600005749DA /* CopyFiles */,
			);
			buildRules = (
			);
			dependencies = (
			);
			name = sm;
			productName = sm;
			productReference = E1F985C615A97600005749DA /* sm */;
			productType = "com.apple.product-type.tool";
		};
/* End PBXNativeTarget section */

/* Begin PBXProject section */
		E1F985BD15A97600005749DA /* Project object */ = {
			isa = PBXProject;
			attributes = {
				LastUpgradeCheck = 0430;
				ORGANIZATIONNAME = "University of Wisconsin-Madison";
			};
			buildConfigurationList = E1F985C015A97600005749DA /* Build configuration list for PBXProject "sm" */;
			compatibilityVersion = "Xcode 3.2";
			developmentRegion = English;
			hasScannedForEncodings = 0;
			knownRegions = (
				en,
			);
			mainGroup = E1F985BB15A97600005749DA;
			productRefGroup = E1F985C715A97600005749DA /* Products */;
			projectDirPath = "";
			projectRoot = "";
			targets = (
				E1F985C515A97600005749DA /* sm */,
			);
		};
/* End PBXProject section */

/* Begin PBXSourcesBuildPhase section */
		E1F985C215A97600005749DA /* Sources */ = {
			isa = PBXSourcesBuildPhase;
			buildActionMask = 2147483647;
			files = (
				E1F985CB15A97600005749DA /* main.cpp in Sources */,
			);
			runOnlyForDeploymentPostprocessing = 0;
		};
/* End PBXSourcesBuildPhase section */

/* Begin XCBuildConfiguration section */
		E1F985CE15A97600005749DA /* Debug */ = {
			isa = XCBuildConfiguration;
			buildSettings = {
				ALWAYS_SEARCH_USER_PATHS = NO;
				ARCHS = "$(ARCHS_STANDARD_64_BIT)";
				CLANG_ENABLE_OBJC_ARC = YES;
				COPY_PHASE_STRIP = NO;
				GCC_C_LANGUAGE_STANDARD = gnu99;
				GCC_DYNAMIC_NO_PIC = NO;
				GCC_ENABLE_OBJC_EXCEPTIONS = YES;
				GCC_OPTIMIZATION_LEVEL = 0;
				GCC_PREPROCESSOR_DEFINITIONS = (
					"DEBUG=1",
					"$(inherited)",
				);
				GCC_SYMBOLS_PRIVATE_EXTERN = NO;
				GCC_VERSION = com.apple.compilers.llvm.clang.1_0;
				GCC_WARN_64_TO_32_BIT_CONVERSION = YES;
				GCC_WARN_ABOUT_RETURN_TYPE = YES;
				GCC_WARN_UNINITIALIZED_AUTOS = YES;
				GCC_WARN_UNUSED_VARIABLE = YES;
				MACOSX_DEPLOYMENT_TARGET = 10.7;
				ONLY_ACTIVE_ARCH = YES;
				SDKROOT = macosx;
			};
			name = Debug;
		};
		E1F985CF15A97600005749DA /* Release */ = {
			isa = XCBuildConfiguration;
			buildSettings = {
				ALWAYS_SEARCH_USER_PATHS = NO;
				ARCHS = "$(ARCHS_STANDARD_64_BIT)";
				CLANG_ENABLE_OBJC_ARC = YES;
				COPY_PHASE_STRIP = YES;
				DEBUG_INFORMATION_FORMAT = "dwarf-with-dsym";
				GCC_C_LANGUAGE_STANDARD = gnu99;
				GCC_ENABLE_OBJC_EXCEPTIONS = YES;
				GCC_VERSION = com.apple.compilers.llvm.clang.1_0;
				GCC_WARN_64_TO_32_BIT_CONVERSION = YES;
				GCC_WARN_ABOUT_RETURN_TYPE = YES;
				GCC_WARN_UNINITIALIZED_AUTOS = YES;
				GCC_WARN_UNUSED_VARIABLE = YES;
				MACOSX_DEPLOYMENT_TARGET = 10.7;
				SDKROOT = macosx;
			};
			name = Release;
		};
		E1F985D115A97600005749DA /* Debug */ = {
			isa = XCBuildConfiguration;
			buildSettings = {
				PRODUCT_NAME = "$(TARGET_NAME)";
			};
			name = Debug;
		};
		E1F985D215A97600005749DA /* Release */ = {
			isa = XCBuildConfiguration;
			buildSettings = {
				PRODUCT_NAME = "$(TARGET_NAME)";
			};
			name = Release;
		};
/* End XCBuildConfiguration section */

/* Begin XCConfigurationList section */
		E1F985C015A97600005749DA /* Build configuration list for PBXProject "sm" */ = {
			isa = XCConfigurationList;
			buildConfigurations = (
				E1F985CE15A97600005749DA /* Debug */,
				E1F985CF15A97600005749DA /* Release */,
			);
			defaultConfigurationIsVisible = 0;
			defaultConfigurationName = Release;
		};
		E1F985D015A97600005749DA /* Build configuration list for PBXNativeTarget "sm" */ = {
			isa = XCConfigurationList;
			buildConfigurations = (
				E1F985D115A97600005749DA /* Debug */,
				E1F985D215A97600005749DA /* Release */,
			);
			defaultConfigurationIsVisible = 0;
		};
/* End XCConfigurationList section */
	};
	rootObject = E1F985BD15A97600005749DA /* Project object */;
}
